// !$*UTF8*$!
{
	archiveVersion = 1;
	classes = {
	};
	objectVersion = 56;
	objects = {

/* Begin PBXBuildFile section */
		40F3E6282AD8C52900E7C9B8 /* FavouriteImagesTableViewCell.swift in Sources */ = {isa = PBXBuildFile; fileRef = 40F3E6272AD8C52900E7C9B8 /* FavouriteImagesTableViewCell.swift */; };
		40F3E62A2AD8C5EF00E7C9B8 /* FavouriteImagesViewInput.swift in Sources */ = {isa = PBXBuildFile; fileRef = 40F3E6292AD8C5EF00E7C9B8 /* FavouriteImagesViewInput.swift */; };
		40F3E62C2AD8C6D700E7C9B8 /* FavouriteImagesPresenterProtocol.swift in Sources */ = {isa = PBXBuildFile; fileRef = 40F3E62B2AD8C6D700E7C9B8 /* FavouriteImagesPresenterProtocol.swift */; };
		40F3E62E2AD8C71F00E7C9B8 /* FavouriteImagesPresenter.swift in Sources */ = {isa = PBXBuildFile; fileRef = 40F3E62D2AD8C71F00E7C9B8 /* FavouriteImagesPresenter.swift */; };
		40F3E6302AD8C83200E7C9B8 /* ImagesStorage.swift in Sources */ = {isa = PBXBuildFile; fileRef = 40F3E62F2AD8C83200E7C9B8 /* ImagesStorage.swift */; };
		40F3E6322AD8CCC800E7C9B8 /* FavouriteImagesAssembly.swift in Sources */ = {isa = PBXBuildFile; fileRef = 40F3E6312AD8CCC800E7C9B8 /* FavouriteImagesAssembly.swift */; };
		40F3E6372AD8D0B600E7C9B8 /* ImageDetailsAssembly.swift in Sources */ = {isa = PBXBuildFile; fileRef = 40F3E6362AD8D0B600E7C9B8 /* ImageDetailsAssembly.swift */; };
		40F3E6392AD8D17D00E7C9B8 /* ImageDetailsPresenterProtocol.swift in Sources */ = {isa = PBXBuildFile; fileRef = 40F3E6382AD8D17D00E7C9B8 /* ImageDetailsPresenterProtocol.swift */; };
		40F3E63B2AD8D1E900E7C9B8 /* ImageDetailsPresenter.swift in Sources */ = {isa = PBXBuildFile; fileRef = 40F3E63A2AD8D1E900E7C9B8 /* ImageDetailsPresenter.swift */; };
		40F3E63D2AD8D23B00E7C9B8 /* ImageDetailsViewInput.swift in Sources */ = {isa = PBXBuildFile; fileRef = 40F3E63C2AD8D23B00E7C9B8 /* ImageDetailsViewInput.swift */; };
		40F3E63F2AD8D5F800E7C9B8 /* ImageDetailsViewController.swift in Sources */ = {isa = PBXBuildFile; fileRef = 40F3E63E2AD8D5F800E7C9B8 /* ImageDetailsViewController.swift */; };
		40F3E6422AD8EE1500E7C9B8 /* SDWebImage in Frameworks */ = {isa = PBXBuildFile; productRef = 40F3E6412AD8EE1500E7C9B8 /* SDWebImage */; };
		40F3E6442AD8FA4300E7C9B8 /* UIViewController+Extension.swift in Sources */ = {isa = PBXBuildFile; fileRef = 40F3E6432AD8FA4300E7C9B8 /* UIViewController+Extension.swift */; };
		40F3E6462AD93AAD00E7C9B8 /* NetworkManager.swift in Sources */ = {isa = PBXBuildFile; fileRef = 40F3E6452AD93AAD00E7C9B8 /* NetworkManager.swift */; };
		40F3E6482AD93B8700E7C9B8 /* ErrorMessages.swift in Sources */ = {isa = PBXBuildFile; fileRef = 40F3E6472AD93B8700E7C9B8 /* ErrorMessages.swift */; };
		40F3E64A2AD93C3C00E7C9B8 /* RequestModel.swift in Sources */ = {isa = PBXBuildFile; fileRef = 40F3E6492AD93C3C00E7C9B8 /* RequestModel.swift */; };
		40F3E64C2AD93D3300E7C9B8 /* RandomRequestModel.swift in Sources */ = {isa = PBXBuildFile; fileRef = 40F3E64B2AD93D3300E7C9B8 /* RandomRequestModel.swift */; };
		40F3E64E2AD93D8F00E7C9B8 /* ImageRequestModel.swift in Sources */ = {isa = PBXBuildFile; fileRef = 40F3E64D2AD93D8F00E7C9B8 /* ImageRequestModel.swift */; };
		40F3E6512AD9406800E7C9B8 /* ImageView.swift in Sources */ = {isa = PBXBuildFile; fileRef = 40F3E6502AD9406800E7C9B8 /* ImageView.swift */; };
		40F3E6532AD943C300E7C9B8 /* DataLoadingVC.swift in Sources */ = {isa = PBXBuildFile; fileRef = 40F3E6522AD943C300E7C9B8 /* DataLoadingVC.swift */; };
		40F3E6552AD9441D00E7C9B8 /* EmptyStateView.swift in Sources */ = {isa = PBXBuildFile; fileRef = 40F3E6542AD9441D00E7C9B8 /* EmptyStateView.swift */; };
		40F3E6572AD9445500E7C9B8 /* TitleLabel.swift in Sources */ = {isa = PBXBuildFile; fileRef = 40F3E6562AD9445500E7C9B8 /* TitleLabel.swift */; };
		40F3E65A2AD9451C00E7C9B8 /* Colors.swift in Sources */ = {isa = PBXBuildFile; fileRef = 40F3E6592AD9451C00E7C9B8 /* Colors.swift */; };
		40F3E65C2AD945AF00E7C9B8 /* BodyLabel.swift in Sources */ = {isa = PBXBuildFile; fileRef = 40F3E65B2AD945AF00E7C9B8 /* BodyLabel.swift */; };
		40F3E65E2AD945D900E7C9B8 /* SecondaryTitleLabel.swift in Sources */ = {isa = PBXBuildFile; fileRef = 40F3E65D2AD945D900E7C9B8 /* SecondaryTitleLabel.swift */; };
		40F3E6602AD9460C00E7C9B8 /* Button.swift in Sources */ = {isa = PBXBuildFile; fileRef = 40F3E65F2AD9460C00E7C9B8 /* Button.swift */; };
		40F3E6632AD946A000E7C9B8 /* ImageCell.swift in Sources */ = {isa = PBXBuildFile; fileRef = 40F3E6622AD946A000E7C9B8 /* ImageCell.swift */; };
		40F3E6652AD946ED00E7C9B8 /* FavoriteCell.swift in Sources */ = {isa = PBXBuildFile; fileRef = 40F3E6642AD946ED00E7C9B8 /* FavoriteCell.swift */; };
		40F3E6672AD9473400E7C9B8 /* UIView+Extension.swift in Sources */ = {isa = PBXBuildFile; fileRef = 40F3E6662AD9473400E7C9B8 /* UIView+Extension.swift */; };
		40F3E66A2AD947B300E7C9B8 /* AlertVC.swift in Sources */ = {isa = PBXBuildFile; fileRef = 40F3E6692AD947B300E7C9B8 /* AlertVC.swift */; };
		40F3E66D2AD9482A00E7C9B8 /* AlertContainerView.swift in Sources */ = {isa = PBXBuildFile; fileRef = 40F3E66C2AD9482A00E7C9B8 /* AlertContainerView.swift */; };
		40F3E66F2AD9487900E7C9B8 /* UIHelper.swift in Sources */ = {isa = PBXBuildFile; fileRef = 40F3E66E2AD9487900E7C9B8 /* UIHelper.swift */; };
		40F3E6722AD95B8500E7C9B8 /* ImageInfoVC.swift in Sources */ = {isa = PBXBuildFile; fileRef = 40F3E6712AD95B8500E7C9B8 /* ImageInfoVC.swift */; };
		40F3E6742AD95EF700E7C9B8 /* FavoritesVC.swift in Sources */ = {isa = PBXBuildFile; fileRef = 40F3E6732AD95EF700E7C9B8 /* FavoritesVC.swift */; };
		CE857F082AD804290012B07C /* Realm in Frameworks */ = {isa = PBXBuildFile; productRef = CE857F072AD804290012B07C /* Realm */; };
		CE857F0A2AD804290012B07C /* RealmSwift in Frameworks */ = {isa = PBXBuildFile; productRef = CE857F092AD804290012B07C /* RealmSwift */; };
		CE857F0F2AD811210012B07C /* MainTabBarAssembly.swift in Sources */ = {isa = PBXBuildFile; fileRef = CE857F0E2AD811210012B07C /* MainTabBarAssembly.swift */; };
		CE857F112AD811400012B07C /* MainTabBarController.swift in Sources */ = {isa = PBXBuildFile; fileRef = CE857F102AD811400012B07C /* MainTabBarController.swift */; };
		CE857F152AD813670012B07C /* FavouriteImagesViewController.swift in Sources */ = {isa = PBXBuildFile; fileRef = CE857F142AD813670012B07C /* FavouriteImagesViewController.swift */; };
		CE857F182AD81AB40012B07C /* Constants.swift in Sources */ = {isa = PBXBuildFile; fileRef = CE857F172AD81AB40012B07C /* Constants.swift */; };
		CE857F1A2AD81BB30012B07C /* CollectionImagesAssembly.swift in Sources */ = {isa = PBXBuildFile; fileRef = CE857F192AD81BB30012B07C /* CollectionImagesAssembly.swift */; };
		CE857F1C2AD81C430012B07C /* CollectionImagesPresenter.swift in Sources */ = {isa = PBXBuildFile; fileRef = CE857F1B2AD81C430012B07C /* CollectionImagesPresenter.swift */; };
		CE857F1E2AD81C640012B07C /* CollectionImagesPresenterProtocol.swift in Sources */ = {isa = PBXBuildFile; fileRef = CE857F1D2AD81C640012B07C /* CollectionImagesPresenterProtocol.swift */; };
		CE857F222AD820250012B07C /* CollectionImagesViewInput.swift in Sources */ = {isa = PBXBuildFile; fileRef = CE857F212AD820250012B07C /* CollectionImagesViewInput.swift */; };
		CE857F252AD822C70012B07C /* Image.swift in Sources */ = {isa = PBXBuildFile; fileRef = CE857F242AD822C70012B07C /* Image.swift */; };
		CE857F272AD822D40012B07C /* ImageData.swift in Sources */ = {isa = PBXBuildFile; fileRef = CE857F262AD822D40012B07C /* ImageData.swift */; };
		CE857F2A2AD82FC40012B07C /* Alamofire in Frameworks */ = {isa = PBXBuildFile; productRef = CE857F292AD82FC40012B07C /* Alamofire */; };
		CE857F2D2AD82FF80012B07C /* NetworService.swift in Sources */ = {isa = PBXBuildFile; fileRef = CE857F2C2AD82FF80012B07C /* NetworService.swift */; };
		CE857F2F2AD8406E0012B07C /* PersistanceManager.swift in Sources */ = {isa = PBXBuildFile; fileRef = CE857F2E2AD8406E0012B07C /* PersistanceManager.swift */; };
		CE857F312AD845620012B07C /* CollectionImagesViewCell.swift in Sources */ = {isa = PBXBuildFile; fileRef = CE857F302AD845620012B07C /* CollectionImagesViewCell.swift */; };
		CE857F332AD8491F0012B07C /* Collection+Extension.swift in Sources */ = {isa = PBXBuildFile; fileRef = CE857F322AD8491F0012B07C /* Collection+Extension.swift */; };
		CE8BBAF92AD7FEF0006FA944 /* AppDelegate.swift in Sources */ = {isa = PBXBuildFile; fileRef = CE8BBAF82AD7FEF0006FA944 /* AppDelegate.swift */; };
		CE8BBAFB2AD7FEF0006FA944 /* SceneDelegate.swift in Sources */ = {isa = PBXBuildFile; fileRef = CE8BBAFA2AD7FEF0006FA944 /* SceneDelegate.swift */; };
		CE8BBAFD2AD7FEF0006FA944 /* CollectionImagesViewController.swift in Sources */ = {isa = PBXBuildFile; fileRef = CE8BBAFC2AD7FEF0006FA944 /* CollectionImagesViewController.swift */; };
		CE8BBB022AD7FEF2006FA944 /* Assets.xcassets in Resources */ = {isa = PBXBuildFile; fileRef = CE8BBB012AD7FEF2006FA944 /* Assets.xcassets */; };
		CE8BBB052AD7FEF2006FA944 /* LaunchScreen.storyboard in Resources */ = {isa = PBXBuildFile; fileRef = CE8BBB032AD7FEF2006FA944 /* LaunchScreen.storyboard */; };
		CE8BBB102AD7FEF2006FA944 /* UnsplashAppTaskTests.swift in Sources */ = {isa = PBXBuildFile; fileRef = CE8BBB0F2AD7FEF2006FA944 /* UnsplashAppTaskTests.swift */; };
		CE8BBB1A2AD7FEF2006FA944 /* UnsplashAppTaskUITests.swift in Sources */ = {isa = PBXBuildFile; fileRef = CE8BBB192AD7FEF2006FA944 /* UnsplashAppTaskUITests.swift */; };
		CE8BBB1C2AD7FEF2006FA944 /* UnsplashAppTaskUITestsLaunchTests.swift in Sources */ = {isa = PBXBuildFile; fileRef = CE8BBB1B2AD7FEF2006FA944 /* UnsplashAppTaskUITestsLaunchTests.swift */; };
/* End PBXBuildFile section */

/* Begin PBXContainerItemProxy section */
		CE8BBB0C2AD7FEF2006FA944 /* PBXContainerItemProxy */ = {
			isa = PBXContainerItemProxy;
			containerPortal = CE8BBAED2AD7FEF0006FA944 /* Project object */;
			proxyType = 1;
			remoteGlobalIDString = CE8BBAF42AD7FEF0006FA944;
			remoteInfo = UnsplashAppTask;
		};
		CE8BBB162AD7FEF2006FA944 /* PBXContainerItemProxy */ = {
			isa = PBXContainerItemProxy;
			containerPortal = CE8BBAED2AD7FEF0006FA944 /* Project object */;
			proxyType = 1;
			remoteGlobalIDString = CE8BBAF42AD7FEF0006FA944;
			remoteInfo = UnsplashAppTask;
		};
/* End PBXContainerItemProxy section */

/* Begin PBXFileReference section */
		40F3E6272AD8C52900E7C9B8 /* FavouriteImagesTableViewCell.swift */ = {isa = PBXFileReference; lastKnownFileType = sourcecode.swift; path = FavouriteImagesTableViewCell.swift; sourceTree = "<group>"; };
		40F3E6292AD8C5EF00E7C9B8 /* FavouriteImagesViewInput.swift */ = {isa = PBXFileReference; lastKnownFileType = sourcecode.swift; path = FavouriteImagesViewInput.swift; sourceTree = "<group>"; };
		40F3E62B2AD8C6D700E7C9B8 /* FavouriteImagesPresenterProtocol.swift */ = {isa = PBXFileReference; lastKnownFileType = sourcecode.swift; path = FavouriteImagesPresenterProtocol.swift; sourceTree = "<group>"; };
		40F3E62D2AD8C71F00E7C9B8 /* FavouriteImagesPresenter.swift */ = {isa = PBXFileReference; lastKnownFileType = sourcecode.swift; path = FavouriteImagesPresenter.swift; sourceTree = "<group>"; };
		40F3E62F2AD8C83200E7C9B8 /* ImagesStorage.swift */ = {isa = PBXFileReference; lastKnownFileType = sourcecode.swift; path = ImagesStorage.swift; sourceTree = "<group>"; };
		40F3E6312AD8CCC800E7C9B8 /* FavouriteImagesAssembly.swift */ = {isa = PBXFileReference; lastKnownFileType = sourcecode.swift; path = FavouriteImagesAssembly.swift; sourceTree = "<group>"; };
		40F3E6362AD8D0B600E7C9B8 /* ImageDetailsAssembly.swift */ = {isa = PBXFileReference; lastKnownFileType = sourcecode.swift; path = ImageDetailsAssembly.swift; sourceTree = "<group>"; };
		40F3E6382AD8D17D00E7C9B8 /* ImageDetailsPresenterProtocol.swift */ = {isa = PBXFileReference; lastKnownFileType = sourcecode.swift; path = ImageDetailsPresenterProtocol.swift; sourceTree = "<group>"; };
		40F3E63A2AD8D1E900E7C9B8 /* ImageDetailsPresenter.swift */ = {isa = PBXFileReference; lastKnownFileType = sourcecode.swift; path = ImageDetailsPresenter.swift; sourceTree = "<group>"; };
		40F3E63C2AD8D23B00E7C9B8 /* ImageDetailsViewInput.swift */ = {isa = PBXFileReference; lastKnownFileType = sourcecode.swift; path = ImageDetailsViewInput.swift; sourceTree = "<group>"; };
		40F3E63E2AD8D5F800E7C9B8 /* ImageDetailsViewController.swift */ = {isa = PBXFileReference; lastKnownFileType = sourcecode.swift; path = ImageDetailsViewController.swift; sourceTree = "<group>"; };
		40F3E6432AD8FA4300E7C9B8 /* UIViewController+Extension.swift */ = {isa = PBXFileReference; lastKnownFileType = sourcecode.swift; path = "UIViewController+Extension.swift"; sourceTree = "<group>"; };
		40F3E6452AD93AAD00E7C9B8 /* NetworkManager.swift */ = {isa = PBXFileReference; lastKnownFileType = sourcecode.swift; path = NetworkManager.swift; sourceTree = "<group>"; };
		40F3E6472AD93B8700E7C9B8 /* ErrorMessages.swift */ = {isa = PBXFileReference; lastKnownFileType = sourcecode.swift; path = ErrorMessages.swift; sourceTree = "<group>"; };
		40F3E6492AD93C3C00E7C9B8 /* RequestModel.swift */ = {isa = PBXFileReference; lastKnownFileType = sourcecode.swift; path = RequestModel.swift; sourceTree = "<group>"; };
		40F3E64B2AD93D3300E7C9B8 /* RandomRequestModel.swift */ = {isa = PBXFileReference; lastKnownFileType = sourcecode.swift; path = RandomRequestModel.swift; sourceTree = "<group>"; };
		40F3E64D2AD93D8F00E7C9B8 /* ImageRequestModel.swift */ = {isa = PBXFileReference; lastKnownFileType = sourcecode.swift; path = ImageRequestModel.swift; sourceTree = "<group>"; };
		40F3E6502AD9406800E7C9B8 /* ImageView.swift */ = {isa = PBXFileReference; lastKnownFileType = sourcecode.swift; path = ImageView.swift; sourceTree = "<group>"; };
		40F3E6522AD943C300E7C9B8 /* DataLoadingVC.swift */ = {isa = PBXFileReference; lastKnownFileType = sourcecode.swift; path = DataLoadingVC.swift; sourceTree = "<group>"; };
		40F3E6542AD9441D00E7C9B8 /* EmptyStateView.swift */ = {isa = PBXFileReference; lastKnownFileType = sourcecode.swift; path = EmptyStateView.swift; sourceTree = "<group>"; };
		40F3E6562AD9445500E7C9B8 /* TitleLabel.swift */ = {isa = PBXFileReference; lastKnownFileType = sourcecode.swift; path = TitleLabel.swift; sourceTree = "<group>"; };
		40F3E6592AD9451C00E7C9B8 /* Colors.swift */ = {isa = PBXFileReference; lastKnownFileType = sourcecode.swift; path = Colors.swift; sourceTree = "<group>"; };
		40F3E65B2AD945AF00E7C9B8 /* BodyLabel.swift */ = {isa = PBXFileReference; lastKnownFileType = sourcecode.swift; path = BodyLabel.swift; sourceTree = "<group>"; };
		40F3E65D2AD945D900E7C9B8 /* SecondaryTitleLabel.swift */ = {isa = PBXFileReference; lastKnownFileType = sourcecode.swift; path = SecondaryTitleLabel.swift; sourceTree = "<group>"; };
		40F3E65F2AD9460C00E7C9B8 /* Button.swift */ = {isa = PBXFileReference; lastKnownFileType = sourcecode.swift; path = Button.swift; sourceTree = "<group>"; };
		40F3E6622AD946A000E7C9B8 /* ImageCell.swift */ = {isa = PBXFileReference; lastKnownFileType = sourcecode.swift; path = ImageCell.swift; sourceTree = "<group>"; };
		40F3E6642AD946ED00E7C9B8 /* FavoriteCell.swift */ = {isa = PBXFileReference; lastKnownFileType = sourcecode.swift; path = FavoriteCell.swift; sourceTree = "<group>"; };
		40F3E6662AD9473400E7C9B8 /* UIView+Extension.swift */ = {isa = PBXFileReference; lastKnownFileType = sourcecode.swift; path = "UIView+Extension.swift"; sourceTree = "<group>"; };
		40F3E6692AD947B300E7C9B8 /* AlertVC.swift */ = {isa = PBXFileReference; lastKnownFileType = sourcecode.swift; path = AlertVC.swift; sourceTree = "<group>"; };
		40F3E66C2AD9482A00E7C9B8 /* AlertContainerView.swift */ = {isa = PBXFileReference; lastKnownFileType = sourcecode.swift; path = AlertContainerView.swift; sourceTree = "<group>"; };
		40F3E66E2AD9487900E7C9B8 /* UIHelper.swift */ = {isa = PBXFileReference; lastKnownFileType = sourcecode.swift; path = UIHelper.swift; sourceTree = "<group>"; };
		40F3E6712AD95B8500E7C9B8 /* ImageInfoVC.swift */ = {isa = PBXFileReference; lastKnownFileType = sourcecode.swift; path = ImageInfoVC.swift; sourceTree = "<group>"; };
		40F3E6732AD95EF700E7C9B8 /* FavoritesVC.swift */ = {isa = PBXFileReference; lastKnownFileType = sourcecode.swift; path = FavoritesVC.swift; sourceTree = "<group>"; };
		CE857F0E2AD811210012B07C /* MainTabBarAssembly.swift */ = {isa = PBXFileReference; lastKnownFileType = sourcecode.swift; path = MainTabBarAssembly.swift; sourceTree = "<group>"; };
		CE857F102AD811400012B07C /* MainTabBarController.swift */ = {isa = PBXFileReference; lastKnownFileType = sourcecode.swift; path = MainTabBarController.swift; sourceTree = "<group>"; };
		CE857F142AD813670012B07C /* FavouriteImagesViewController.swift */ = {isa = PBXFileReference; lastKnownFileType = sourcecode.swift; path = FavouriteImagesViewController.swift; sourceTree = "<group>"; };
		CE857F172AD81AB40012B07C /* Constants.swift */ = {isa = PBXFileReference; lastKnownFileType = sourcecode.swift; path = Constants.swift; sourceTree = "<group>"; };
		CE857F192AD81BB30012B07C /* CollectionImagesAssembly.swift */ = {isa = PBXFileReference; lastKnownFileType = sourcecode.swift; path = CollectionImagesAssembly.swift; sourceTree = "<group>"; };
		CE857F1B2AD81C430012B07C /* CollectionImagesPresenter.swift */ = {isa = PBXFileReference; lastKnownFileType = sourcecode.swift; path = CollectionImagesPresenter.swift; sourceTree = "<group>"; };
		CE857F1D2AD81C640012B07C /* CollectionImagesPresenterProtocol.swift */ = {isa = PBXFileReference; lastKnownFileType = sourcecode.swift; path = CollectionImagesPresenterProtocol.swift; sourceTree = "<group>"; };
		CE857F212AD820250012B07C /* CollectionImagesViewInput.swift */ = {isa = PBXFileReference; lastKnownFileType = sourcecode.swift; path = CollectionImagesViewInput.swift; sourceTree = "<group>"; };
		CE857F242AD822C70012B07C /* Image.swift */ = {isa = PBXFileReference; lastKnownFileType = sourcecode.swift; path = Image.swift; sourceTree = "<group>"; };
		CE857F262AD822D40012B07C /* ImageData.swift */ = {isa = PBXFileReference; lastKnownFileType = sourcecode.swift; path = ImageData.swift; sourceTree = "<group>"; };
		CE857F2C2AD82FF80012B07C /* NetworService.swift */ = {isa = PBXFileReference; lastKnownFileType = sourcecode.swift; path = NetworService.swift; sourceTree = "<group>"; };
		CE857F2E2AD8406E0012B07C /* PersistanceManager.swift */ = {isa = PBXFileReference; lastKnownFileType = sourcecode.swift; path = PersistanceManager.swift; sourceTree = "<group>"; };
		CE857F302AD845620012B07C /* CollectionImagesViewCell.swift */ = {isa = PBXFileReference; lastKnownFileType = sourcecode.swift; path = CollectionImagesViewCell.swift; sourceTree = "<group>"; };
		CE857F322AD8491F0012B07C /* Collection+Extension.swift */ = {isa = PBXFileReference; lastKnownFileType = sourcecode.swift; path = "Collection+Extension.swift"; sourceTree = "<group>"; };
		CE8BBAF52AD7FEF0006FA944 /* UnsplashAppTask.app */ = {isa = PBXFileReference; explicitFileType = wrapper.application; includeInIndex = 0; path = UnsplashAppTask.app; sourceTree = BUILT_PRODUCTS_DIR; };
		CE8BBAF82AD7FEF0006FA944 /* AppDelegate.swift */ = {isa = PBXFileReference; lastKnownFileType = sourcecode.swift; path = AppDelegate.swift; sourceTree = "<group>"; };
		CE8BBAFA2AD7FEF0006FA944 /* SceneDelegate.swift */ = {isa = PBXFileReference; lastKnownFileType = sourcecode.swift; path = SceneDelegate.swift; sourceTree = "<group>"; };
		CE8BBAFC2AD7FEF0006FA944 /* CollectionImagesViewController.swift */ = {isa = PBXFileReference; lastKnownFileType = sourcecode.swift; path = CollectionImagesViewController.swift; sourceTree = "<group>"; };
		CE8BBB012AD7FEF2006FA944 /* Assets.xcassets */ = {isa = PBXFileReference; lastKnownFileType = folder.assetcatalog; path = Assets.xcassets; sourceTree = "<group>"; };
		CE8BBB042AD7FEF2006FA944 /* Base */ = {isa = PBXFileReference; lastKnownFileType = file.storyboard; name = Base; path = Base.lproj/LaunchScreen.storyboard; sourceTree = "<group>"; };
		CE8BBB062AD7FEF2006FA944 /* Info.plist */ = {isa = PBXFileReference; lastKnownFileType = text.plist.xml; path = Info.plist; sourceTree = "<group>"; };
		CE8BBB0B2AD7FEF2006FA944 /* UnsplashAppTaskTests.xctest */ = {isa = PBXFileReference; explicitFileType = wrapper.cfbundle; includeInIndex = 0; path = UnsplashAppTaskTests.xctest; sourceTree = BUILT_PRODUCTS_DIR; };
		CE8BBB0F2AD7FEF2006FA944 /* UnsplashAppTaskTests.swift */ = {isa = PBXFileReference; lastKnownFileType = sourcecode.swift; path = UnsplashAppTaskTests.swift; sourceTree = "<group>"; };
		CE8BBB152AD7FEF2006FA944 /* UnsplashAppTaskUITests.xctest */ = {isa = PBXFileReference; explicitFileType = wrapper.cfbundle; includeInIndex = 0; path = UnsplashAppTaskUITests.xctest; sourceTree = BUILT_PRODUCTS_DIR; };
		CE8BBB192AD7FEF2006FA944 /* UnsplashAppTaskUITests.swift */ = {isa = PBXFileReference; lastKnownFileType = sourcecode.swift; path = UnsplashAppTaskUITests.swift; sourceTree = "<group>"; };
		CE8BBB1B2AD7FEF2006FA944 /* UnsplashAppTaskUITestsLaunchTests.swift */ = {isa = PBXFileReference; lastKnownFileType = sourcecode.swift; path = UnsplashAppTaskUITestsLaunchTests.swift; sourceTree = "<group>"; };
/* End PBXFileReference section */

/* Begin PBXFrameworksBuildPhase section */
		CE8BBAF22AD7FEF0006FA944 /* Frameworks */ = {
			isa = PBXFrameworksBuildPhase;
			buildActionMask = 2147483647;
			files = (
				CE857F2A2AD82FC40012B07C /* Alamofire in Frameworks */,
				CE857F0A2AD804290012B07C /* RealmSwift in Frameworks */,
				40F3E6422AD8EE1500E7C9B8 /* SDWebImage in Frameworks */,
				CE857F082AD804290012B07C /* Realm in Frameworks */,
			);
			runOnlyForDeploymentPostprocessing = 0;
		};
		CE8BBB082AD7FEF2006FA944 /* Frameworks */ = {
			isa = PBXFrameworksBuildPhase;
			buildActionMask = 2147483647;
			files = (
			);
			runOnlyForDeploymentPostprocessing = 0;
		};
		CE8BBB122AD7FEF2006FA944 /* Frameworks */ = {
			isa = PBXFrameworksBuildPhase;
			buildActionMask = 2147483647;
			files = (
			);
			runOnlyForDeploymentPostprocessing = 0;
		};
/* End PBXFrameworksBuildPhase section */

/* Begin PBXGroup section */
		40F3E6252AD8C4A300E7C9B8 /* Presenter */ = {
			isa = PBXGroup;
			children = (
				40F3E62B2AD8C6D700E7C9B8 /* FavouriteImagesPresenterProtocol.swift */,
				40F3E62D2AD8C71F00E7C9B8 /* FavouriteImagesPresenter.swift */,
			);
			path = Presenter;
			sourceTree = "<group>";
		};
		40F3E6262AD8C4AC00E7C9B8 /* View */ = {
			isa = PBXGroup;
			children = (
				CE857F142AD813670012B07C /* FavouriteImagesViewController.swift */,
				40F3E6272AD8C52900E7C9B8 /* FavouriteImagesTableViewCell.swift */,
				40F3E6292AD8C5EF00E7C9B8 /* FavouriteImagesViewInput.swift */,
				40F3E6732AD95EF700E7C9B8 /* FavoritesVC.swift */,
			);
			path = View;
			sourceTree = "<group>";
		};
		40F3E6332AD8D05A00E7C9B8 /* ImageDetailsModule */ = {
			isa = PBXGroup;
			children = (
				40F3E6352AD8D08700E7C9B8 /* View */,
				40F3E6342AD8D08000E7C9B8 /* Presenter */,
				40F3E6362AD8D0B600E7C9B8 /* ImageDetailsAssembly.swift */,
			);
			path = ImageDetailsModule;
			sourceTree = "<group>";
		};
		40F3E6342AD8D08000E7C9B8 /* Presenter */ = {
			isa = PBXGroup;
			children = (
				40F3E6382AD8D17D00E7C9B8 /* ImageDetailsPresenterProtocol.swift */,
				40F3E63A2AD8D1E900E7C9B8 /* ImageDetailsPresenter.swift */,
			);
			path = Presenter;
			sourceTree = "<group>";
		};
		40F3E6352AD8D08700E7C9B8 /* View */ = {
			isa = PBXGroup;
			children = (
				40F3E6712AD95B8500E7C9B8 /* ImageInfoVC.swift */,
				40F3E63C2AD8D23B00E7C9B8 /* ImageDetailsViewInput.swift */,
				40F3E63E2AD8D5F800E7C9B8 /* ImageDetailsViewController.swift */,
			);
			path = View;
			sourceTree = "<group>";
		};
		40F3E64F2AD9404500E7C9B8 /* CustomViews */ = {
			isa = PBXGroup;
			children = (
				40F3E66B2AD947F500E7C9B8 /* VIews */,
				40F3E6682AD947A000E7C9B8 /* ViewControllers */,
				40F3E6612AD9468300E7C9B8 /* Cells */,
			);
			path = CustomViews;
			sourceTree = "<group>";
		};
		40F3E6582AD9450C00E7C9B8 /* Utilities */ = {
			isa = PBXGroup;
			children = (
				40F3E6752AD978D200E7C9B8 /* HelperClasses */,
				40F3E6592AD9451C00E7C9B8 /* Colors.swift */,
				40F3E66E2AD9487900E7C9B8 /* UIHelper.swift */,
			);
			path = Utilities;
			sourceTree = "<group>";
		};
		40F3E6612AD9468300E7C9B8 /* Cells */ = {
			isa = PBXGroup;
			children = (
				40F3E6622AD946A000E7C9B8 /* ImageCell.swift */,
				40F3E6642AD946ED00E7C9B8 /* FavoriteCell.swift */,
			);
			path = Cells;
			sourceTree = "<group>";
		};
		40F3E6682AD947A000E7C9B8 /* ViewControllers */ = {
			isa = PBXGroup;
			children = (
				40F3E6522AD943C300E7C9B8 /* DataLoadingVC.swift */,
				40F3E6692AD947B300E7C9B8 /* AlertVC.swift */,
			);
			path = ViewControllers;
			sourceTree = "<group>";
		};
		40F3E66B2AD947F500E7C9B8 /* VIews */ = {
			isa = PBXGroup;
			children = (
				40F3E6542AD9441D00E7C9B8 /* EmptyStateView.swift */,
				40F3E65B2AD945AF00E7C9B8 /* BodyLabel.swift */,
				40F3E65D2AD945D900E7C9B8 /* SecondaryTitleLabel.swift */,
				40F3E6562AD9445500E7C9B8 /* TitleLabel.swift */,
				40F3E6502AD9406800E7C9B8 /* ImageView.swift */,
				40F3E65F2AD9460C00E7C9B8 /* Button.swift */,
				40F3E66C2AD9482A00E7C9B8 /* AlertContainerView.swift */,
			);
			path = VIews;
			sourceTree = "<group>";
		};
		40F3E6702AD948C500E7C9B8 /* Extensions */ = {
			isa = PBXGroup;
			children = (
				CE857F322AD8491F0012B07C /* Collection+Extension.swift */,
				40F3E6432AD8FA4300E7C9B8 /* UIViewController+Extension.swift */,
				40F3E6662AD9473400E7C9B8 /* UIView+Extension.swift */,
			);
			path = Extensions;
			sourceTree = "<group>";
		};
		40F3E6752AD978D200E7C9B8 /* HelperClasses */ = {
			isa = PBXGroup;
			children = (
				40F3E62F2AD8C83200E7C9B8 /* ImagesStorage.swift */,
				CE857F2C2AD82FF80012B07C /* NetworService.swift */,
			);
			path = HelperClasses;
			sourceTree = "<group>";
		};
		CE857F0B2AD8108E0012B07C /* Application */ = {
			isa = PBXGroup;
			children = (
				CE8BBAFA2AD7FEF0006FA944 /* SceneDelegate.swift */,
				CE8BBAF82AD7FEF0006FA944 /* AppDelegate.swift */,
			);
			path = Application;
			sourceTree = "<group>";
		};
		CE857F0C2AD810AD0012B07C /* Modules */ = {
			isa = PBXGroup;
			children = (
				40F3E6332AD8D05A00E7C9B8 /* ImageDetailsModule */,
				CE857F132AD812FF0012B07C /* CollectionImagesModule */,
				CE857F122AD812EC0012B07C /* FavouriteImagesModule */,
				CE857F0D2AD810E70012B07C /* MainTabBarModule */,
			);
			path = Modules;
			sourceTree = "<group>";
		};
		CE857F0D2AD810E70012B07C /* MainTabBarModule */ = {
			isa = PBXGroup;
			children = (
				CE857F0E2AD811210012B07C /* MainTabBarAssembly.swift */,
				CE857F102AD811400012B07C /* MainTabBarController.swift */,
			);
			path = MainTabBarModule;
			sourceTree = "<group>";
		};
		CE857F122AD812EC0012B07C /* FavouriteImagesModule */ = {
			isa = PBXGroup;
			children = (
				40F3E6262AD8C4AC00E7C9B8 /* View */,
				40F3E6252AD8C4A300E7C9B8 /* Presenter */,
				40F3E6312AD8CCC800E7C9B8 /* FavouriteImagesAssembly.swift */,
			);
			path = FavouriteImagesModule;
			sourceTree = "<group>";
		};
		CE857F132AD812FF0012B07C /* CollectionImagesModule */ = {
			isa = PBXGroup;
			children = (
				CE857F202AD81D400012B07C /* Presenter */,
				CE857F1F2AD81D320012B07C /* View */,
				CE857F192AD81BB30012B07C /* CollectionImagesAssembly.swift */,
			);
			path = CollectionImagesModule;
			sourceTree = "<group>";
		};
		CE857F162AD81A950012B07C /* Support Files */ = {
			isa = PBXGroup;
			children = (
				40F3E6702AD948C500E7C9B8 /* Extensions */,
				40F3E6582AD9450C00E7C9B8 /* Utilities */,
				CE857F172AD81AB40012B07C /* Constants.swift */,
			);
			path = "Support Files";
			sourceTree = "<group>";
		};
		CE857F1F2AD81D320012B07C /* View */ = {
			isa = PBXGroup;
			children = (
				CE8BBAFC2AD7FEF0006FA944 /* CollectionImagesViewController.swift */,
				CE857F212AD820250012B07C /* CollectionImagesViewInput.swift */,
				CE857F302AD845620012B07C /* CollectionImagesViewCell.swift */,
			);
			path = View;
			sourceTree = "<group>";
		};
		CE857F202AD81D400012B07C /* Presenter */ = {
			isa = PBXGroup;
			children = (
				CE857F1B2AD81C430012B07C /* CollectionImagesPresenter.swift */,
				CE857F1D2AD81C640012B07C /* CollectionImagesPresenterProtocol.swift */,
			);
			path = Presenter;
			sourceTree = "<group>";
		};
		CE857F232AD822B80012B07C /* Model */ = {
			isa = PBXGroup;
			children = (
				CE857F242AD822C70012B07C /* Image.swift */,
				CE857F262AD822D40012B07C /* ImageData.swift */,
				40F3E6492AD93C3C00E7C9B8 /* RequestModel.swift */,
				40F3E64B2AD93D3300E7C9B8 /* RandomRequestModel.swift */,
				40F3E64D2AD93D8F00E7C9B8 /* ImageRequestModel.swift */,
			);
			path = Model;
			sourceTree = "<group>";
		};
		CE857F2B2AD82FD70012B07C /* Services */ = {
			isa = PBXGroup;
			children = (
				CE857F2E2AD8406E0012B07C /* PersistanceManager.swift */,
				40F3E6452AD93AAD00E7C9B8 /* NetworkManager.swift */,
				40F3E6472AD93B8700E7C9B8 /* ErrorMessages.swift */,
			);
			path = Services;
			sourceTree = "<group>";
		};
		CE8BBAEC2AD7FEF0006FA944 = {
			isa = PBXGroup;
			children = (
				CE8BBAF72AD7FEF0006FA944 /* UnsplashAppTask */,
				CE8BBB0E2AD7FEF2006FA944 /* UnsplashAppTaskTests */,
				CE8BBB182AD7FEF2006FA944 /* UnsplashAppTaskUITests */,
				CE8BBAF62AD7FEF0006FA944 /* Products */,
			);
			sourceTree = "<group>";
		};
		CE8BBAF62AD7FEF0006FA944 /* Products */ = {
			isa = PBXGroup;
			children = (
				CE8BBAF52AD7FEF0006FA944 /* UnsplashAppTask.app */,
				CE8BBB0B2AD7FEF2006FA944 /* UnsplashAppTaskTests.xctest */,
				CE8BBB152AD7FEF2006FA944 /* UnsplashAppTaskUITests.xctest */,
			);
			name = Products;
			sourceTree = "<group>";
		};
		CE8BBAF72AD7FEF0006FA944 /* UnsplashAppTask */ = {
			isa = PBXGroup;
			children = (
				40F3E64F2AD9404500E7C9B8 /* CustomViews */,
				CE857F0B2AD8108E0012B07C /* Application */,
				CE857F2B2AD82FD70012B07C /* Services */,
				CE857F162AD81A950012B07C /* Support Files */,
				CE857F232AD822B80012B07C /* Model */,
				CE857F0C2AD810AD0012B07C /* Modules */,
				CE8BBB012AD7FEF2006FA944 /* Assets.xcassets */,
				CE8BBB032AD7FEF2006FA944 /* LaunchScreen.storyboard */,
				CE8BBB062AD7FEF2006FA944 /* Info.plist */,
			);
			path = UnsplashAppTask;
			sourceTree = "<group>";
		};
		CE8BBB0E2AD7FEF2006FA944 /* UnsplashAppTaskTests */ = {
			isa = PBXGroup;
			children = (
				CE8BBB0F2AD7FEF2006FA944 /* UnsplashAppTaskTests.swift */,
			);
			path = UnsplashAppTaskTests;
			sourceTree = "<group>";
		};
		CE8BBB182AD7FEF2006FA944 /* UnsplashAppTaskUITests */ = {
			isa = PBXGroup;
			children = (
				CE8BBB192AD7FEF2006FA944 /* UnsplashAppTaskUITests.swift */,
				CE8BBB1B2AD7FEF2006FA944 /* UnsplashAppTaskUITestsLaunchTests.swift */,
			);
			path = UnsplashAppTaskUITests;
			sourceTree = "<group>";
		};
/* End PBXGroup section */

/* Begin PBXNativeTarget section */
		CE8BBAF42AD7FEF0006FA944 /* UnsplashAppTask */ = {
			isa = PBXNativeTarget;
			buildConfigurationList = CE8BBB1F2AD7FEF2006FA944 /* Build configuration list for PBXNativeTarget "UnsplashAppTask" */;
			buildPhases = (
				CE8BBAF12AD7FEF0006FA944 /* Sources */,
				CE8BBAF22AD7FEF0006FA944 /* Frameworks */,
				CE8BBAF32AD7FEF0006FA944 /* Resources */,
			);
			buildRules = (
			);
			dependencies = (
			);
			name = UnsplashAppTask;
			packageProductDependencies = (
				CE857F072AD804290012B07C /* Realm */,
				CE857F092AD804290012B07C /* RealmSwift */,
				CE857F292AD82FC40012B07C /* Alamofire */,
				40F3E6412AD8EE1500E7C9B8 /* SDWebImage */,
			);
			productName = UnsplashAppTask;
			productReference = CE8BBAF52AD7FEF0006FA944 /* UnsplashAppTask.app */;
			productType = "com.apple.product-type.application";
		};
		CE8BBB0A2AD7FEF2006FA944 /* UnsplashAppTaskTests */ = {
			isa = PBXNativeTarget;
			buildConfigurationList = CE8BBB222AD7FEF2006FA944 /* Build configuration list for PBXNativeTarget "UnsplashAppTaskTests" */;
			buildPhases = (
				CE8BBB072AD7FEF2006FA944 /* Sources */,
				CE8BBB082AD7FEF2006FA944 /* Frameworks */,
				CE8BBB092AD7FEF2006FA944 /* Resources */,
			);
			buildRules = (
			);
			dependencies = (
				CE8BBB0D2AD7FEF2006FA944 /* PBXTargetDependency */,
			);
			name = UnsplashAppTaskTests;
			productName = UnsplashAppTaskTests;
			productReference = CE8BBB0B2AD7FEF2006FA944 /* UnsplashAppTaskTests.xctest */;
			productType = "com.apple.product-type.bundle.unit-test";
		};
		CE8BBB142AD7FEF2006FA944 /* UnsplashAppTaskUITests */ = {
			isa = PBXNativeTarget;
			buildConfigurationList = CE8BBB252AD7FEF2006FA944 /* Build configuration list for PBXNativeTarget "UnsplashAppTaskUITests" */;
			buildPhases = (
				CE8BBB112AD7FEF2006FA944 /* Sources */,
				CE8BBB122AD7FEF2006FA944 /* Frameworks */,
				CE8BBB132AD7FEF2006FA944 /* Resources */,
			);
			buildRules = (
			);
			dependencies = (
				CE8BBB172AD7FEF2006FA944 /* PBXTargetDependency */,
			);
			name = UnsplashAppTaskUITests;
			productName = UnsplashAppTaskUITests;
			productReference = CE8BBB152AD7FEF2006FA944 /* UnsplashAppTaskUITests.xctest */;
			productType = "com.apple.product-type.bundle.ui-testing";
		};
/* End PBXNativeTarget section */

/* Begin PBXProject section */
		CE8BBAED2AD7FEF0006FA944 /* Project object */ = {
			isa = PBXProject;
			attributes = {
				BuildIndependentTargetsInParallel = 1;
				LastSwiftUpdateCheck = 1430;
				LastUpgradeCheck = 1430;
				TargetAttributes = {
					CE8BBAF42AD7FEF0006FA944 = {
						CreatedOnToolsVersion = 14.3.1;
					};
					CE8BBB0A2AD7FEF2006FA944 = {
						CreatedOnToolsVersion = 14.3.1;
						TestTargetID = CE8BBAF42AD7FEF0006FA944;
					};
					CE8BBB142AD7FEF2006FA944 = {
						CreatedOnToolsVersion = 14.3.1;
						TestTargetID = CE8BBAF42AD7FEF0006FA944;
					};
				};
			};
			buildConfigurationList = CE8BBAF02AD7FEF0006FA944 /* Build configuration list for PBXProject "UnsplashAppTask" */;
			compatibilityVersion = "Xcode 14.0";
			developmentRegion = en;
			hasScannedForEncodings = 0;
			knownRegions = (
				en,
				Base,
			);
			mainGroup = CE8BBAEC2AD7FEF0006FA944;
			packageReferences = (
				CE857F062AD804280012B07C /* XCRemoteSwiftPackageReference "realm-swift" */,
				CE857F282AD82FC40012B07C /* XCRemoteSwiftPackageReference "Alamofire" */,
				40F3E6402AD8EE1500E7C9B8 /* XCRemoteSwiftPackageReference "SDWebImage" */,
			);
			productRefGroup = CE8BBAF62AD7FEF0006FA944 /* Products */;
			projectDirPath = "";
			projectRoot = "";
			targets = (
				CE8BBAF42AD7FEF0006FA944 /* UnsplashAppTask */,
				CE8BBB0A2AD7FEF2006FA944 /* UnsplashAppTaskTests */,
				CE8BBB142AD7FEF2006FA944 /* UnsplashAppTaskUITests */,
			);
		};
/* End PBXProject section */

/* Begin PBXResourcesBuildPhase section */
		CE8BBAF32AD7FEF0006FA944 /* Resources */ = {
			isa = PBXResourcesBuildPhase;
			buildActionMask = 2147483647;
			files = (
				CE8BBB052AD7FEF2006FA944 /* LaunchScreen.storyboard in Resources */,
				CE8BBB022AD7FEF2006FA944 /* Assets.xcassets in Resources */,
			);
			runOnlyForDeploymentPostprocessing = 0;
		};
		CE8BBB092AD7FEF2006FA944 /* Resources */ = {
			isa = PBXResourcesBuildPhase;
			buildActionMask = 2147483647;
			files = (
			);
			runOnlyForDeploymentPostprocessing = 0;
		};
		CE8BBB132AD7FEF2006FA944 /* Resources */ = {
			isa = PBXResourcesBuildPhase;
			buildActionMask = 2147483647;
			files = (
			);
			runOnlyForDeploymentPostprocessing = 0;
		};
/* End PBXResourcesBuildPhase section */

/* Begin PBXSourcesBuildPhase section */
		CE8BBAF12AD7FEF0006FA944 /* Sources */ = {
			isa = PBXSourcesBuildPhase;
			buildActionMask = 2147483647;
			files = (
				40F3E6392AD8D17D00E7C9B8 /* ImageDetailsPresenterProtocol.swift in Sources */,
				CE857F2F2AD8406E0012B07C /* PersistanceManager.swift in Sources */,
				40F3E63F2AD8D5F800E7C9B8 /* ImageDetailsViewController.swift in Sources */,
				40F3E6672AD9473400E7C9B8 /* UIView+Extension.swift in Sources */,
				40F3E64C2AD93D3300E7C9B8 /* RandomRequestModel.swift in Sources */,
				40F3E6552AD9441D00E7C9B8 /* EmptyStateView.swift in Sources */,
				40F3E6652AD946ED00E7C9B8 /* FavoriteCell.swift in Sources */,
				40F3E62E2AD8C71F00E7C9B8 /* FavouriteImagesPresenter.swift in Sources */,
				40F3E6512AD9406800E7C9B8 /* ImageView.swift in Sources */,
				40F3E6602AD9460C00E7C9B8 /* Button.swift in Sources */,
				40F3E6442AD8FA4300E7C9B8 /* UIViewController+Extension.swift in Sources */,
				40F3E62A2AD8C5EF00E7C9B8 /* FavouriteImagesViewInput.swift in Sources */,
				40F3E6322AD8CCC800E7C9B8 /* FavouriteImagesAssembly.swift in Sources */,
				40F3E64A2AD93C3C00E7C9B8 /* RequestModel.swift in Sources */,
				40F3E65E2AD945D900E7C9B8 /* SecondaryTitleLabel.swift in Sources */,
				CE857F0F2AD811210012B07C /* MainTabBarAssembly.swift in Sources */,
				CE857F252AD822C70012B07C /* Image.swift in Sources */,
				40F3E6372AD8D0B600E7C9B8 /* ImageDetailsAssembly.swift in Sources */,
				CE857F272AD822D40012B07C /* ImageData.swift in Sources */,
				40F3E66D2AD9482A00E7C9B8 /* AlertContainerView.swift in Sources */,
				40F3E6572AD9445500E7C9B8 /* TitleLabel.swift in Sources */,
				40F3E64E2AD93D8F00E7C9B8 /* ImageRequestModel.swift in Sources */,
				40F3E6532AD943C300E7C9B8 /* DataLoadingVC.swift in Sources */,
				40F3E66F2AD9487900E7C9B8 /* UIHelper.swift in Sources */,
				CE857F152AD813670012B07C /* FavouriteImagesViewController.swift in Sources */,
				40F3E6462AD93AAD00E7C9B8 /* NetworkManager.swift in Sources */,
				40F3E63D2AD8D23B00E7C9B8 /* ImageDetailsViewInput.swift in Sources */,
				40F3E66A2AD947B300E7C9B8 /* AlertVC.swift in Sources */,
				CE857F1C2AD81C430012B07C /* CollectionImagesPresenter.swift in Sources */,
				CE857F312AD845620012B07C /* CollectionImagesViewCell.swift in Sources */,
				40F3E6742AD95EF700E7C9B8 /* FavoritesVC.swift in Sources */,
				CE8BBAFD2AD7FEF0006FA944 /* CollectionImagesViewController.swift in Sources */,
				40F3E6632AD946A000E7C9B8 /* ImageCell.swift in Sources */,
				CE857F1E2AD81C640012B07C /* CollectionImagesPresenterProtocol.swift in Sources */,
				CE857F1A2AD81BB30012B07C /* CollectionImagesAssembly.swift in Sources */,
				CE857F112AD811400012B07C /* MainTabBarController.swift in Sources */,
				CE857F332AD8491F0012B07C /* Collection+Extension.swift in Sources */,
				40F3E6482AD93B8700E7C9B8 /* ErrorMessages.swift in Sources */,
				CE857F182AD81AB40012B07C /* Constants.swift in Sources */,
				40F3E62C2AD8C6D700E7C9B8 /* FavouriteImagesPresenterProtocol.swift in Sources */,
				CE857F2D2AD82FF80012B07C /* NetworService.swift in Sources */,
				40F3E6722AD95B8500E7C9B8 /* ImageInfoVC.swift in Sources */,
				40F3E65C2AD945AF00E7C9B8 /* BodyLabel.swift in Sources */,
				CE8BBAF92AD7FEF0006FA944 /* AppDelegate.swift in Sources */,
				40F3E63B2AD8D1E900E7C9B8 /* ImageDetailsPresenter.swift in Sources */,
				40F3E65A2AD9451C00E7C9B8 /* Colors.swift in Sources */,
				CE8BBAFB2AD7FEF0006FA944 /* SceneDelegate.swift in Sources */,
				40F3E6302AD8C83200E7C9B8 /* ImagesStorage.swift in Sources */,
				CE857F222AD820250012B07C /* CollectionImagesViewInput.swift in Sources */,
				40F3E6282AD8C52900E7C9B8 /* FavouriteImagesTableViewCell.swift in Sources */,
			);
			runOnlyForDeploymentPostprocessing = 0;
		};
		CE8BBB072AD7FEF2006FA944 /* Sources */ = {
			isa = PBXSourcesBuildPhase;
			buildActionMask = 2147483647;
			files = (
				CE8BBB102AD7FEF2006FA944 /* UnsplashAppTaskTests.swift in Sources */,
			);
			runOnlyForDeploymentPostprocessing = 0;
		};
		CE8BBB112AD7FEF2006FA944 /* Sources */ = {
			isa = PBXSourcesBuildPhase;
			buildActionMask = 2147483647;
			files = (
				CE8BBB1A2AD7FEF2006FA944 /* UnsplashAppTaskUITests.swift in Sources */,
				CE8BBB1C2AD7FEF2006FA944 /* UnsplashAppTaskUITestsLaunchTests.swift in Sources */,
			);
			runOnlyForDeploymentPostprocessing = 0;
		};
/* End PBXSourcesBuildPhase section */

/* Begin PBXTargetDependency section */
		CE8BBB0D2AD7FEF2006FA944 /* PBXTargetDependency */ = {
			isa = PBXTargetDependency;
			target = CE8BBAF42AD7FEF0006FA944 /* UnsplashAppTask */;
			targetProxy = CE8BBB0C2AD7FEF2006FA944 /* PBXContainerItemProxy */;
		};
		CE8BBB172AD7FEF2006FA944 /* PBXTargetDependency */ = {
			isa = PBXTargetDependency;
			target = CE8BBAF42AD7FEF0006FA944 /* UnsplashAppTask */;
			targetProxy = CE8BBB162AD7FEF2006FA944 /* PBXContainerItemProxy */;
		};
/* End PBXTargetDependency section */

/* Begin PBXVariantGroup section */
		CE8BBB032AD7FEF2006FA944 /* LaunchScreen.storyboard */ = {
			isa = PBXVariantGroup;
			children = (
				CE8BBB042AD7FEF2006FA944 /* Base */,
			);
			name = LaunchScreen.storyboard;
			sourceTree = "<group>";
		};
/* End PBXVariantGroup section */

/* Begin XCBuildConfiguration section */
		CE8BBB1D2AD7FEF2006FA944 /* Debug */ = {
			isa = XCBuildConfiguration;
			buildSettings = {
				ALWAYS_SEARCH_USER_PATHS = NO;
				CLANG_ANALYZER_NONNULL = YES;
				CLANG_ANALYZER_NUMBER_OBJECT_CONVERSION = YES_AGGRESSIVE;
				CLANG_CXX_LANGUAGE_STANDARD = "gnu++20";
				CLANG_ENABLE_MODULES = YES;
				CLANG_ENABLE_OBJC_ARC = YES;
				CLANG_ENABLE_OBJC_WEAK = YES;
				CLANG_WARN_BLOCK_CAPTURE_AUTORELEASING = YES;
				CLANG_WARN_BOOL_CONVERSION = YES;
				CLANG_WARN_COMMA = YES;
				CLANG_WARN_CONSTANT_CONVERSION = YES;
				CLANG_WARN_DEPRECATED_OBJC_IMPLEMENTATIONS = YES;
				CLANG_WARN_DIRECT_OBJC_ISA_USAGE = YES_ERROR;
				CLANG_WARN_DOCUMENTATION_COMMENTS = YES;
				CLANG_WARN_EMPTY_BODY = YES;
				CLANG_WARN_ENUM_CONVERSION = YES;
				CLANG_WARN_INFINITE_RECURSION = YES;
				CLANG_WARN_INT_CONVERSION = YES;
				CLANG_WARN_NON_LITERAL_NULL_CONVERSION = YES;
				CLANG_WARN_OBJC_IMPLICIT_RETAIN_SELF = YES;
				CLANG_WARN_OBJC_LITERAL_CONVERSION = YES;
				CLANG_WARN_OBJC_ROOT_CLASS = YES_ERROR;
				CLANG_WARN_QUOTED_INCLUDE_IN_FRAMEWORK_HEADER = YES;
				CLANG_WARN_RANGE_LOOP_ANALYSIS = YES;
				CLANG_WARN_STRICT_PROTOTYPES = YES;
				CLANG_WARN_SUSPICIOUS_MOVE = YES;
				CLANG_WARN_UNGUARDED_AVAILABILITY = YES_AGGRESSIVE;
				CLANG_WARN_UNREACHABLE_CODE = YES;
				CLANG_WARN__DUPLICATE_METHOD_MATCH = YES;
				COPY_PHASE_STRIP = NO;
				DEBUG_INFORMATION_FORMAT = dwarf;
				ENABLE_STRICT_OBJC_MSGSEND = YES;
				ENABLE_TESTABILITY = YES;
				GCC_C_LANGUAGE_STANDARD = gnu11;
				GCC_DYNAMIC_NO_PIC = NO;
				GCC_NO_COMMON_BLOCKS = YES;
				GCC_OPTIMIZATION_LEVEL = 0;
				GCC_PREPROCESSOR_DEFINITIONS = (
					"DEBUG=1",
					"$(inherited)",
				);
				GCC_WARN_64_TO_32_BIT_CONVERSION = YES;
				GCC_WARN_ABOUT_RETURN_TYPE = YES_ERROR;
				GCC_WARN_UNDECLARED_SELECTOR = YES;
				GCC_WARN_UNINITIALIZED_AUTOS = YES_AGGRESSIVE;
				GCC_WARN_UNUSED_FUNCTION = YES;
				GCC_WARN_UNUSED_VARIABLE = YES;
				IPHONEOS_DEPLOYMENT_TARGET = 13.0;
				MTL_ENABLE_DEBUG_INFO = INCLUDE_SOURCE;
				MTL_FAST_MATH = YES;
				ONLY_ACTIVE_ARCH = YES;
				SDKROOT = iphoneos;
				SWIFT_ACTIVE_COMPILATION_CONDITIONS = DEBUG;
				SWIFT_OPTIMIZATION_LEVEL = "-Onone";
			};
			name = Debug;
		};
		CE8BBB1E2AD7FEF2006FA944 /* Release */ = {
			isa = XCBuildConfiguration;
			buildSettings = {
				ALWAYS_SEARCH_USER_PATHS = NO;
				CLANG_ANALYZER_NONNULL = YES;
				CLANG_ANALYZER_NUMBER_OBJECT_CONVERSION = YES_AGGRESSIVE;
				CLANG_CXX_LANGUAGE_STANDARD = "gnu++20";
				CLANG_ENABLE_MODULES = YES;
				CLANG_ENABLE_OBJC_ARC = YES;
				CLANG_ENABLE_OBJC_WEAK = YES;
				CLANG_WARN_BLOCK_CAPTURE_AUTORELEASING = YES;
				CLANG_WARN_BOOL_CONVERSION = YES;
				CLANG_WARN_COMMA = YES;
				CLANG_WARN_CONSTANT_CONVERSION = YES;
				CLANG_WARN_DEPRECATED_OBJC_IMPLEMENTATIONS = YES;
				CLANG_WARN_DIRECT_OBJC_ISA_USAGE = YES_ERROR;
				CLANG_WARN_DOCUMENTATION_COMMENTS = YES;
				CLANG_WARN_EMPTY_BODY = YES;
				CLANG_WARN_ENUM_CONVERSION = YES;
				CLANG_WARN_INFINITE_RECURSION = YES;
				CLANG_WARN_INT_CONVERSION = YES;
				CLANG_WARN_NON_LITERAL_NULL_CONVERSION = YES;
				CLANG_WARN_OBJC_IMPLICIT_RETAIN_SELF = YES;
				CLANG_WARN_OBJC_LITERAL_CONVERSION = YES;
				CLANG_WARN_OBJC_ROOT_CLASS = YES_ERROR;
				CLANG_WARN_QUOTED_INCLUDE_IN_FRAMEWORK_HEADER = YES;
				CLANG_WARN_RANGE_LOOP_ANALYSIS = YES;
				CLANG_WARN_STRICT_PROTOTYPES = YES;
				CLANG_WARN_SUSPICIOUS_MOVE = YES;
				CLANG_WARN_UNGUARDED_AVAILABILITY = YES_AGGRESSIVE;
				CLANG_WARN_UNREACHABLE_CODE = YES;
				CLANG_WARN__DUPLICATE_METHOD_MATCH = YES;
				COPY_PHASE_STRIP = NO;
				DEBUG_INFORMATION_FORMAT = "dwarf-with-dsym";
				ENABLE_NS_ASSERTIONS = NO;
				ENABLE_STRICT_OBJC_MSGSEND = YES;
				GCC_C_LANGUAGE_STANDARD = gnu11;
				GCC_NO_COMMON_BLOCKS = YES;
				GCC_WARN_64_TO_32_BIT_CONVERSION = YES;
				GCC_WARN_ABOUT_RETURN_TYPE = YES_ERROR;
				GCC_WARN_UNDECLARED_SELECTOR = YES;
				GCC_WARN_UNINITIALIZED_AUTOS = YES_AGGRESSIVE;
				GCC_WARN_UNUSED_FUNCTION = YES;
				GCC_WARN_UNUSED_VARIABLE = YES;
				IPHONEOS_DEPLOYMENT_TARGET = 13.0;
				MTL_ENABLE_DEBUG_INFO = NO;
				MTL_FAST_MATH = YES;
				SDKROOT = iphoneos;
				SWIFT_COMPILATION_MODE = wholemodule;
				SWIFT_OPTIMIZATION_LEVEL = "-O";
				VALIDATE_PRODUCT = YES;
			};
			name = Release;
		};
		CE8BBB202AD7FEF2006FA944 /* Debug */ = {
			isa = XCBuildConfiguration;
			buildSettings = {
				ASSETCATALOG_COMPILER_APPICON_NAME = AppIcon;
				ASSETCATALOG_COMPILER_GLOBAL_ACCENT_COLOR_NAME = AccentColor;
				CODE_SIGN_STYLE = Automatic;
				CURRENT_PROJECT_VERSION = 1;
				DEVELOPMENT_TEAM = 5W9K96U25G;
				GENERATE_INFOPLIST_FILE = YES;
				INFOPLIST_FILE = UnsplashAppTask/Info.plist;
				INFOPLIST_KEY_UIApplicationSupportsIndirectInputEvents = YES;
				INFOPLIST_KEY_UILaunchStoryboardName = LaunchScreen;
				INFOPLIST_KEY_UISupportedInterfaceOrientations = UIInterfaceOrientationPortrait;
				IPHONEOS_DEPLOYMENT_TARGET = 13.0;
				LD_RUNPATH_SEARCH_PATHS = (
					"$(inherited)",
					"@executable_path/Frameworks",
				);
				MARKETING_VERSION = 1.0;
				PRODUCT_BUNDLE_IDENTIFIER = com.dvoineu.UnsplashAppTask;
				PRODUCT_NAME = "$(TARGET_NAME)";
				SWIFT_EMIT_LOC_STRINGS = YES;
				SWIFT_VERSION = 5.0;
				TARGETED_DEVICE_FAMILY = "1,2";
			};
			name = Debug;
		};
		CE8BBB212AD7FEF2006FA944 /* Release */ = {
			isa = XCBuildConfiguration;
			buildSettings = {
				ASSETCATALOG_COMPILER_APPICON_NAME = AppIcon;
				ASSETCATALOG_COMPILER_GLOBAL_ACCENT_COLOR_NAME = AccentColor;
				CODE_SIGN_STYLE = Automatic;
				CURRENT_PROJECT_VERSION = 1;
				DEVELOPMENT_TEAM = 5W9K96U25G;
				GENERATE_INFOPLIST_FILE = YES;
				INFOPLIST_FILE = UnsplashAppTask/Info.plist;
				INFOPLIST_KEY_UIApplicationSupportsIndirectInputEvents = YES;
				INFOPLIST_KEY_UILaunchStoryboardName = LaunchScreen;
				INFOPLIST_KEY_UISupportedInterfaceOrientations = UIInterfaceOrientationPortrait;
				IPHONEOS_DEPLOYMENT_TARGET = 13.0;
				LD_RUNPATH_SEARCH_PATHS = (
					"$(inherited)",
					"@executable_path/Frameworks",
				);
				MARKETING_VERSION = 1.0;
				PRODUCT_BUNDLE_IDENTIFIER = com.dvoineu.UnsplashAppTask;
				PRODUCT_NAME = "$(TARGET_NAME)";
				SWIFT_EMIT_LOC_STRINGS = YES;
				SWIFT_VERSION = 5.0;
				TARGETED_DEVICE_FAMILY = "1,2";
			};
			name = Release;
		};
		CE8BBB232AD7FEF2006FA944 /* Debug */ = {
			isa = XCBuildConfiguration;
			buildSettings = {
				ALWAYS_EMBED_SWIFT_STANDARD_LIBRARIES = YES;
				BUNDLE_LOADER = "$(TEST_HOST)";
				CODE_SIGN_STYLE = Automatic;
				CURRENT_PROJECT_VERSION = 1;
				DEVELOPMENT_TEAM = 5W9K96U25G;
				GENERATE_INFOPLIST_FILE = YES;
				IPHONEOS_DEPLOYMENT_TARGET = 16.4;
				MARKETING_VERSION = 1.0;
				PRODUCT_BUNDLE_IDENTIFIER = com.dvoineu.UnsplashAppTaskTests;
				PRODUCT_NAME = "$(TARGET_NAME)";
				SWIFT_EMIT_LOC_STRINGS = NO;
				SWIFT_VERSION = 5.0;
				TARGETED_DEVICE_FAMILY = "1,2";
				TEST_HOST = "$(BUILT_PRODUCTS_DIR)/UnsplashAppTask.app/$(BUNDLE_EXECUTABLE_FOLDER_PATH)/UnsplashAppTask";
			};
			name = Debug;
		};
		CE8BBB242AD7FEF2006FA944 /* Release */ = {
			isa = XCBuildConfiguration;
			buildSettings = {
				ALWAYS_EMBED_SWIFT_STANDARD_LIBRARIES = YES;
				BUNDLE_LOADER = "$(TEST_HOST)";
				CODE_SIGN_STYLE = Automatic;
				CURRENT_PROJECT_VERSION = 1;
				DEVELOPMENT_TEAM = 5W9K96U25G;
				GENERATE_INFOPLIST_FILE = YES;
				IPHONEOS_DEPLOYMENT_TARGET = 16.4;
				MARKETING_VERSION = 1.0;
				PRODUCT_BUNDLE_IDENTIFIER = com.dvoineu.UnsplashAppTaskTests;
				PRODUCT_NAME = "$(TARGET_NAME)";
				SWIFT_EMIT_LOC_STRINGS = NO;
				SWIFT_VERSION = 5.0;
				TARGETED_DEVICE_FAMILY = "1,2";
				TEST_HOST = "$(BUILT_PRODUCTS_DIR)/UnsplashAppTask.app/$(BUNDLE_EXECUTABLE_FOLDER_PATH)/UnsplashAppTask";
			};
			name = Release;
		};
		CE8BBB262AD7FEF2006FA944 /* Debug */ = {
			isa = XCBuildConfiguration;
			buildSettings = {
				ALWAYS_EMBED_SWIFT_STANDARD_LIBRARIES = YES;
				CODE_SIGN_STYLE = Automatic;
				CURRENT_PROJECT_VERSION = 1;
				DEVELOPMENT_TEAM = 5W9K96U25G;
				GENERATE_INFOPLIST_FILE = YES;
				MARKETING_VERSION = 1.0;
				PRODUCT_BUNDLE_IDENTIFIER = com.dvoineu.UnsplashAppTaskUITests;
				PRODUCT_NAME = "$(TARGET_NAME)";
				SWIFT_EMIT_LOC_STRINGS = NO;
				SWIFT_VERSION = 5.0;
				TARGETED_DEVICE_FAMILY = "1,2";
				TEST_TARGET_NAME = UnsplashAppTask;
			};
			name = Debug;
		};
		CE8BBB272AD7FEF2006FA944 /* Release */ = {
			isa = XCBuildConfiguration;
			buildSettings = {
				ALWAYS_EMBED_SWIFT_STANDARD_LIBRARIES = YES;
				CODE_SIGN_STYLE = Automatic;
				CURRENT_PROJECT_VERSION = 1;
				DEVELOPMENT_TEAM = 5W9K96U25G;
				GENERATE_INFOPLIST_FILE = YES;
				MARKETING_VERSION = 1.0;
				PRODUCT_BUNDLE_IDENTIFIER = com.dvoineu.UnsplashAppTaskUITests;
				PRODUCT_NAME = "$(TARGET_NAME)";
				SWIFT_EMIT_LOC_STRINGS = NO;
				SWIFT_VERSION = 5.0;
				TARGETED_DEVICE_FAMILY = "1,2";
				TEST_TARGET_NAME = UnsplashAppTask;
			};
			name = Release;
		};
/* End XCBuildConfiguration section */

/* Begin XCConfigurationList section */
		CE8BBAF02AD7FEF0006FA944 /* Build configuration list for PBXProject "UnsplashAppTask" */ = {
			isa = XCConfigurationList;
			buildConfigurations = (
				CE8BBB1D2AD7FEF2006FA944 /* Debug */,
				CE8BBB1E2AD7FEF2006FA944 /* Release */,
			);
			defaultConfigurationIsVisible = 0;
			defaultConfigurationName = Release;
		};
		CE8BBB1F2AD7FEF2006FA944 /* Build configuration list for PBXNativeTarget "UnsplashAppTask" */ = {
			isa = XCConfigurationList;
			buildConfigurations = (
				CE8BBB202AD7FEF2006FA944 /* Debug */,
				CE8BBB212AD7FEF2006FA944 /* Release */,
			);
			defaultConfigurationIsVisible = 0;
			defaultConfigurationName = Release;
		};
		CE8BBB222AD7FEF2006FA944 /* Build configuration list for PBXNativeTarget "UnsplashAppTaskTests" */ = {
			isa = XCConfigurationList;
			buildConfigurations = (
				CE8BBB232AD7FEF2006FA944 /* Debug */,
				CE8BBB242AD7FEF2006FA944 /* Release */,
			);
			defaultConfigurationIsVisible = 0;
			defaultConfigurationName = Release;
		};
		CE8BBB252AD7FEF2006FA944 /* Build configuration list for PBXNativeTarget "UnsplashAppTaskUITests" */ = {
			isa = XCConfigurationList;
			buildConfigurations = (
				CE8BBB262AD7FEF2006FA944 /* Debug */,
				CE8BBB272AD7FEF2006FA944 /* Release */,
			);
			defaultConfigurationIsVisible = 0;
			defaultConfigurationName = Release;
		};
/* End XCConfigurationList section */

/* Begin XCRemoteSwiftPackageReference section */
		40F3E6402AD8EE1500E7C9B8 /* XCRemoteSwiftPackageReference "SDWebImage" */ = {
			isa = XCRemoteSwiftPackageReference;
			repositoryURL = "https://github.com/SDWebImage/SDWebImage.git";
			requirement = {
				kind = upToNextMajorVersion;
				minimumVersion = 5.1.0;
			};
		};
		CE857F062AD804280012B07C /* XCRemoteSwiftPackageReference "realm-swift" */ = {
			isa = XCRemoteSwiftPackageReference;
			repositoryURL = "https://github.com/realm/realm-swift.git";
			requirement = {
				kind = upToNextMajorVersion;
				minimumVersion = 10.43.0;
			};
		};
		CE857F282AD82FC40012B07C /* XCRemoteSwiftPackageReference "Alamofire" */ = {
			isa = XCRemoteSwiftPackageReference;
			repositoryURL = "https://github.com/Alamofire/Alamofire.git";
			requirement = {
				kind = upToNextMajorVersion;
				minimumVersion = 5.8.0;
			};
		};
/* End XCRemoteSwiftPackageReference section */

/* Begin XCSwiftPackageProductDependency section */
		40F3E6412AD8EE1500E7C9B8 /* SDWebImage */ = {
			isa = XCSwiftPackageProductDependency;
			package = 40F3E6402AD8EE1500E7C9B8 /* XCRemoteSwiftPackageReference "SDWebImage" */;
			productName = SDWebImage;
		};
		CE857F072AD804290012B07C /* Realm */ = {
			isa = XCSwiftPackageProductDependency;
			package = CE857F062AD804280012B07C /* XCRemoteSwiftPackageReference "realm-swift" */;
			productName = Realm;
		};
		CE857F092AD804290012B07C /* RealmSwift */ = {
			isa = XCSwiftPackageProductDependency;
			package = CE857F062AD804280012B07C /* XCRemoteSwiftPackageReference "realm-swift" */;
			productName = RealmSwift;
		};
		CE857F292AD82FC40012B07C /* Alamofire */ = {
			isa = XCSwiftPackageProductDependency;
			package = CE857F282AD82FC40012B07C /* XCRemoteSwiftPackageReference "Alamofire" */;
			productName = Alamofire;
		};
/* End XCSwiftPackageProductDependency section */
	};
	rootObject = CE8BBAED2AD7FEF0006FA944 /* Project object */;
}
