// !$*UTF8*$!
{
	archiveVersion = 1;
	classes = {
	};
	objectVersion = 56;
	objects = {

/* Begin PBXBuildFile section */
		40F3E6282AD8C52900E7C9B8 /* FavouriteImagesTableViewCell.swift in Sources */ = {isa = PBXBuildFile; fileRef = 40F3E6272AD8C52900E7C9B8 /* FavouriteImagesTableViewCell.swift */; };
		40F3E62C2AD8C6D700E7C9B8 /* FavouriteImagesPresenterProtocol.swift in Sources */ = {isa = PBXBuildFile; fileRef = 40F3E62B2AD8C6D700E7C9B8 /* FavouriteImagesPresenterProtocol.swift */; };
		40F3E62E2AD8C71F00E7C9B8 /* FavouriteImagesPresenter.swift in Sources */ = {isa = PBXBuildFile; fileRef = 40F3E62D2AD8C71F00E7C9B8 /* FavouriteImagesPresenter.swift */; };
		40F3E6302AD8C83200E7C9B8 /* ImagesStorage.swift in Sources */ = {isa = PBXBuildFile; fileRef = 40F3E62F2AD8C83200E7C9B8 /* ImagesStorage.swift */; };
		40F3E6322AD8CCC800E7C9B8 /* FavouriteImagesAssembly.swift in Sources */ = {isa = PBXBuildFile; fileRef = 40F3E6312AD8CCC800E7C9B8 /* FavouriteImagesAssembly.swift */; };
		40F3E6372AD8D0B600E7C9B8 /* ImageDetailsAssembly.swift in Sources */ = {isa = PBXBuildFile; fileRef = 40F3E6362AD8D0B600E7C9B8 /* ImageDetailsAssembly.swift */; };
		40F3E6392AD8D17D00E7C9B8 /* ImageDetailsPresenterProtocol.swift in Sources */ = {isa = PBXBuildFile; fileRef = 40F3E6382AD8D17D00E7C9B8 /* ImageDetailsPresenterProtocol.swift */; };
		40F3E63B2AD8D1E900E7C9B8 /* ImageDetailsPresenter.swift in Sources */ = {isa = PBXBuildFile; fileRef = 40F3E63A2AD8D1E900E7C9B8 /* ImageDetailsPresenter.swift */; };
		40F3E63D2AD8D23B00E7C9B8 /* ImageDetailsViewInput.swift in Sources */ = {isa = PBXBuildFile; fileRef = 40F3E63C2AD8D23B00E7C9B8 /* ImageDetailsViewInput.swift */; };
		40F3E63F2AD8D5F800E7C9B8 /* ImageDetailsViewController.swift in Sources */ = {isa = PBXBuildFile; fileRef = 40F3E63E2AD8D5F800E7C9B8 /* ImageDetailsViewController.swift */; };
		40F3E6422AD8EE1500E7C9B8 /* SDWebImage in Frameworks */ = {isa = PBXBuildFile; productRef = 40F3E6412AD8EE1500E7C9B8 /* SDWebImage */; };
		40F3E6442AD8FA4300E7C9B8 /* UIViewController+Extension.swift in Sources */ = {isa = PBXBuildFile; fileRef = 40F3E6432AD8FA4300E7C9B8 /* UIViewController+Extension.swift */; };
		40F3E6462AD93AAD00E7C9B8 /* ApiManager.swift in Sources */ = {isa = PBXBuildFile; fileRef = 40F3E6452AD93AAD00E7C9B8 /* ApiManager.swift */; };
		40F3E6482AD93B8700E7C9B8 /* ErrorMessages.swift in Sources */ = {isa = PBXBuildFile; fileRef = 40F3E6472AD93B8700E7C9B8 /* ErrorMessages.swift */; };
		40F3E64C2AD93D3300E7C9B8 /* RandomRequestModel.swift in Sources */ = {isa = PBXBuildFile; fileRef = 40F3E64B2AD93D3300E7C9B8 /* RandomRequestModel.swift */; };
		40F3E64E2AD93D8F00E7C9B8 /* ImageRequestModel.swift in Sources */ = {isa = PBXBuildFile; fileRef = 40F3E64D2AD93D8F00E7C9B8 /* ImageRequestModel.swift */; };
		40F3E6512AD9406800E7C9B8 /* ImageView.swift in Sources */ = {isa = PBXBuildFile; fileRef = 40F3E6502AD9406800E7C9B8 /* ImageView.swift */; };
		40F3E6532AD943C300E7C9B8 /* DataLoadingViewController.swift in Sources */ = {isa = PBXBuildFile; fileRef = 40F3E6522AD943C300E7C9B8 /* DataLoadingViewController.swift */; };
		40F3E6552AD9441D00E7C9B8 /* EmptyStateView.swift in Sources */ = {isa = PBXBuildFile; fileRef = 40F3E6542AD9441D00E7C9B8 /* EmptyStateView.swift */; };
		40F3E6572AD9445500E7C9B8 /* TitleLabel.swift in Sources */ = {isa = PBXBuildFile; fileRef = 40F3E6562AD9445500E7C9B8 /* TitleLabel.swift */; };
		40F3E65A2AD9451C00E7C9B8 /* Colors.swift in Sources */ = {isa = PBXBuildFile; fileRef = 40F3E6592AD9451C00E7C9B8 /* Colors.swift */; };
		40F3E65C2AD945AF00E7C9B8 /* BodyLabel.swift in Sources */ = {isa = PBXBuildFile; fileRef = 40F3E65B2AD945AF00E7C9B8 /* BodyLabel.swift */; };
		40F3E65E2AD945D900E7C9B8 /* SecondaryTitleLabel.swift in Sources */ = {isa = PBXBuildFile; fileRef = 40F3E65D2AD945D900E7C9B8 /* SecondaryTitleLabel.swift */; };
		40F3E6602AD9460C00E7C9B8 /* Button.swift in Sources */ = {isa = PBXBuildFile; fileRef = 40F3E65F2AD9460C00E7C9B8 /* Button.swift */; };
		40F3E6632AD946A000E7C9B8 /* ImageCell.swift in Sources */ = {isa = PBXBuildFile; fileRef = 40F3E6622AD946A000E7C9B8 /* ImageCell.swift */; };
		40F3E6652AD946ED00E7C9B8 /* FavoriteCell.swift in Sources */ = {isa = PBXBuildFile; fileRef = 40F3E6642AD946ED00E7C9B8 /* FavoriteCell.swift */; };
		40F3E6672AD9473400E7C9B8 /* UIView+Extension.swift in Sources */ = {isa = PBXBuildFile; fileRef = 40F3E6662AD9473400E7C9B8 /* UIView+Extension.swift */; };
		40F3E66A2AD947B300E7C9B8 /* AlertVC.swift in Sources */ = {isa = PBXBuildFile; fileRef = 40F3E6692AD947B300E7C9B8 /* AlertVC.swift */; };
		40F3E66D2AD9482A00E7C9B8 /* AlertContainerView.swift in Sources */ = {isa = PBXBuildFile; fileRef = 40F3E66C2AD9482A00E7C9B8 /* AlertContainerView.swift */; };
		40F3E66F2AD9487900E7C9B8 /* UIHelper.swift in Sources */ = {isa = PBXBuildFile; fileRef = 40F3E66E2AD9487900E7C9B8 /* UIHelper.swift */; };
		40F3E6792ADC36AE00E7C9B8 /* FavouritesStorage.swift in Sources */ = {isa = PBXBuildFile; fileRef = 40F3E6782ADC36AE00E7C9B8 /* FavouritesStorage.swift */; };
		40F3E67B2ADC36D500E7C9B8 /* ImageDetails.swift in Sources */ = {isa = PBXBuildFile; fileRef = 40F3E67A2ADC36D500E7C9B8 /* ImageDetails.swift */; };
		40F3E67D2ADC40AE00E7C9B8 /* TempImageDetails.swift in Sources */ = {isa = PBXBuildFile; fileRef = 40F3E67C2ADC40AE00E7C9B8 /* TempImageDetails.swift */; };
		40F3E67F2ADC440300E7C9B8 /* FavouriteImagesInput.swift in Sources */ = {isa = PBXBuildFile; fileRef = 40F3E67E2ADC440300E7C9B8 /* FavouriteImagesInput.swift */; };
		40F3E6812ADC442300E7C9B8 /* FavouriteImagesOutput.swift in Sources */ = {isa = PBXBuildFile; fileRef = 40F3E6802ADC442300E7C9B8 /* FavouriteImagesOutput.swift */; };
		40F3E6AC2ADC536200E7C9B8 /* ImageDetailsViewInputTestDouble.swift in Sources */ = {isa = PBXBuildFile; fileRef = 40F3E6932ADC49A000E7C9B8 /* ImageDetailsViewInputTestDouble.swift */; };
		40F3E6AD2ADC536600E7C9B8 /* APIManagerProtocolTestDouble.swift in Sources */ = {isa = PBXBuildFile; fileRef = 40F3E6952ADC49B900E7C9B8 /* APIManagerProtocolTestDouble.swift */; };
		40F3E6AE2ADC537700E7C9B8 /* ImageDetailsPresenterTests.swift in Sources */ = {isa = PBXBuildFile; fileRef = 40F3E68C2ADC490600E7C9B8 /* ImageDetailsPresenterTests.swift */; };
		40F3E6AF2ADC537A00E7C9B8 /* FavouriteImagesPresenterTests.swift in Sources */ = {isa = PBXBuildFile; fileRef = 40F3E6892ADC48E400E7C9B8 /* FavouriteImagesPresenterTests.swift */; };
		40F3E6B02ADC537F00E7C9B8 /* CollectionImagesPresenterTests.swift in Sources */ = {isa = PBXBuildFile; fileRef = 40F3E6862ADC486800E7C9B8 /* CollectionImagesPresenterTests.swift */; };
		40F3E6B12ADC538600E7C9B8 /* ImageDownloaderProtocolTestDouble.swift in Sources */ = {isa = PBXBuildFile; fileRef = 40F3E6972ADC49D600E7C9B8 /* ImageDownloaderProtocolTestDouble.swift */; };
		40F3E6B22ADC538A00E7C9B8 /* FavouritesStorageTestDouble.swift in Sources */ = {isa = PBXBuildFile; fileRef = 40F3E6992ADC49EA00E7C9B8 /* FavouritesStorageTestDouble.swift */; };
		40F3E6B32ADC538C00E7C9B8 /* CollectionImagesInputTestDouble.swift in Sources */ = {isa = PBXBuildFile; fileRef = 40F3E69B2ADC4A0100E7C9B8 /* CollectionImagesInputTestDouble.swift */; };
		40F3E6B42ADC538E00E7C9B8 /* FavouriteImagesInputTestDouble.swift in Sources */ = {isa = PBXBuildFile; fileRef = 40F3E69D2ADC4A3300E7C9B8 /* FavouriteImagesInputTestDouble.swift */; };
		40F3E6B52ADC539100E7C9B8 /* FakeImageDetails.swift in Sources */ = {isa = PBXBuildFile; fileRef = 40F3E6912ADC497900E7C9B8 /* FakeImageDetails.swift */; };
		40F3E6BF2ADC566D00E7C9B8 /* Realm in Frameworks */ = {isa = PBXBuildFile; productRef = 40F3E6BE2ADC566D00E7C9B8 /* Realm */; };
		40F3E6C12ADC566D00E7C9B8 /* RealmSwift in Frameworks */ = {isa = PBXBuildFile; productRef = 40F3E6C02ADC566D00E7C9B8 /* RealmSwift */; };
		40F3E6C32ADC566D00E7C9B8 /* SDWebImage in Frameworks */ = {isa = PBXBuildFile; productRef = 40F3E6C22ADC566D00E7C9B8 /* SDWebImage */; };
		40F3E6C62ADC572E00E7C9B8 /* ImageDownloader.swift in Sources */ = {isa = PBXBuildFile; fileRef = 40F3E6C52ADC572E00E7C9B8 /* ImageDownloader.swift */; };
		40F3E6CB2ADC5B5D00E7C9B8 /* Reusable.swift in Sources */ = {isa = PBXBuildFile; fileRef = 40F3E6CA2ADC5B5D00E7C9B8 /* Reusable.swift */; };
		40F3E6D22ADC87A900E7C9B8 /* RswiftLibrary in Frameworks */ = {isa = PBXBuildFile; productRef = 40F3E6D12ADC87A900E7C9B8 /* RswiftLibrary */; };
		40F3E6D42ADC87A900E7C9B8 /* rswift in Frameworks */ = {isa = PBXBuildFile; productRef = 40F3E6D32ADC87A900E7C9B8 /* rswift */; };
		40F9AF162ADC8FF200173CF0 /* Localizable.strings in Resources */ = {isa = PBXBuildFile; fileRef = 40F9AF182ADC8FF200173CF0 /* Localizable.strings */; };
		40F9AF202ADCA70D00173CF0 /* ConnectivityService.swift in Sources */ = {isa = PBXBuildFile; fileRef = 40F9AF1F2ADCA70D00173CF0 /* ConnectivityService.swift */; };
		40F9AF242ADCA7F000173CF0 /* SwiftMessages in Frameworks */ = {isa = PBXBuildFile; productRef = 40F9AF232ADCA7F000173CF0 /* SwiftMessages */; };
		40F9AF292ADCAA9400173CF0 /* ConnectivityServiceTests.swift in Sources */ = {isa = PBXBuildFile; fileRef = 40F9AF282ADCAA9400173CF0 /* ConnectivityServiceTests.swift */; };
		CE857F082AD804290012B07C /* Realm in Frameworks */ = {isa = PBXBuildFile; productRef = CE857F072AD804290012B07C /* Realm */; };
		CE857F0A2AD804290012B07C /* RealmSwift in Frameworks */ = {isa = PBXBuildFile; productRef = CE857F092AD804290012B07C /* RealmSwift */; };
		CE857F0F2AD811210012B07C /* MainTabBarAssembly.swift in Sources */ = {isa = PBXBuildFile; fileRef = CE857F0E2AD811210012B07C /* MainTabBarAssembly.swift */; };
		CE857F112AD811400012B07C /* MainTabBarController.swift in Sources */ = {isa = PBXBuildFile; fileRef = CE857F102AD811400012B07C /* MainTabBarController.swift */; };
		CE857F152AD813670012B07C /* FavouriteImagesViewController.swift in Sources */ = {isa = PBXBuildFile; fileRef = CE857F142AD813670012B07C /* FavouriteImagesViewController.swift */; };
		CE857F182AD81AB40012B07C /* Constants.swift in Sources */ = {isa = PBXBuildFile; fileRef = CE857F172AD81AB40012B07C /* Constants.swift */; };
		CE857F1A2AD81BB30012B07C /* CollectionImagesAssembly.swift in Sources */ = {isa = PBXBuildFile; fileRef = CE857F192AD81BB30012B07C /* CollectionImagesAssembly.swift */; };
		CE857F1C2AD81C430012B07C /* CollectionImagesPresenter.swift in Sources */ = {isa = PBXBuildFile; fileRef = CE857F1B2AD81C430012B07C /* CollectionImagesPresenter.swift */; };
		CE857F1E2AD81C640012B07C /* CollectionImagesPresenterProtocol.swift in Sources */ = {isa = PBXBuildFile; fileRef = CE857F1D2AD81C640012B07C /* CollectionImagesPresenterProtocol.swift */; };
		CE857F222AD820250012B07C /* CollectionImagesViewInput.swift in Sources */ = {isa = PBXBuildFile; fileRef = CE857F212AD820250012B07C /* CollectionImagesViewInput.swift */; };
		CE857F252AD822C70012B07C /* Image.swift in Sources */ = {isa = PBXBuildFile; fileRef = CE857F242AD822C70012B07C /* Image.swift */; };
		CE857F272AD822D40012B07C /* ImageData.swift in Sources */ = {isa = PBXBuildFile; fileRef = CE857F262AD822D40012B07C /* ImageData.swift */; };
		CE857F2A2AD82FC40012B07C /* Alamofire in Frameworks */ = {isa = PBXBuildFile; productRef = CE857F292AD82FC40012B07C /* Alamofire */; };
		CE857F2F2AD8406E0012B07C /* PersistanceManager.swift in Sources */ = {isa = PBXBuildFile; fileRef = CE857F2E2AD8406E0012B07C /* PersistanceManager.swift */; };
		CE857F312AD845620012B07C /* CollectionImagesViewCell.swift in Sources */ = {isa = PBXBuildFile; fileRef = CE857F302AD845620012B07C /* CollectionImagesViewCell.swift */; };
		CE857F332AD8491F0012B07C /* Collection+Extension.swift in Sources */ = {isa = PBXBuildFile; fileRef = CE857F322AD8491F0012B07C /* Collection+Extension.swift */; };
		CE8BBAF92AD7FEF0006FA944 /* AppDelegate.swift in Sources */ = {isa = PBXBuildFile; fileRef = CE8BBAF82AD7FEF0006FA944 /* AppDelegate.swift */; };
		CE8BBAFB2AD7FEF0006FA944 /* SceneDelegate.swift in Sources */ = {isa = PBXBuildFile; fileRef = CE8BBAFA2AD7FEF0006FA944 /* SceneDelegate.swift */; };
		CE8BBAFD2AD7FEF0006FA944 /* CollectionImagesViewController.swift in Sources */ = {isa = PBXBuildFile; fileRef = CE8BBAFC2AD7FEF0006FA944 /* CollectionImagesViewController.swift */; };
		CE8BBB022AD7FEF2006FA944 /* Assets.xcassets in Resources */ = {isa = PBXBuildFile; fileRef = CE8BBB012AD7FEF2006FA944 /* Assets.xcassets */; };
		CE8BBB052AD7FEF2006FA944 /* LaunchScreen.storyboard in Resources */ = {isa = PBXBuildFile; fileRef = CE8BBB032AD7FEF2006FA944 /* LaunchScreen.storyboard */; };
/* End PBXBuildFile section */

/* Begin PBXContainerItemProxy section */
		40F3E6A72ADC527100E7C9B8 /* PBXContainerItemProxy */ = {
			isa = PBXContainerItemProxy;
			containerPortal = CE8BBAED2AD7FEF0006FA944 /* Project object */;
			proxyType = 1;
			remoteGlobalIDString = CE8BBAF42AD7FEF0006FA944;
			remoteInfo = UnsplashAppTask;
		};
/* End PBXContainerItemProxy section */

/* Begin PBXFileReference section */
		40F3E6272AD8C52900E7C9B8 /* FavouriteImagesTableViewCell.swift */ = {isa = PBXFileReference; lastKnownFileType = sourcecode.swift; path = FavouriteImagesTableViewCell.swift; sourceTree = "<group>"; };
		40F3E62B2AD8C6D700E7C9B8 /* FavouriteImagesPresenterProtocol.swift */ = {isa = PBXFileReference; lastKnownFileType = sourcecode.swift; path = FavouriteImagesPresenterProtocol.swift; sourceTree = "<group>"; };
		40F3E62D2AD8C71F00E7C9B8 /* FavouriteImagesPresenter.swift */ = {isa = PBXFileReference; lastKnownFileType = sourcecode.swift; path = FavouriteImagesPresenter.swift; sourceTree = "<group>"; };
		40F3E62F2AD8C83200E7C9B8 /* ImagesStorage.swift */ = {isa = PBXFileReference; lastKnownFileType = sourcecode.swift; path = ImagesStorage.swift; sourceTree = "<group>"; };
		40F3E6312AD8CCC800E7C9B8 /* FavouriteImagesAssembly.swift */ = {isa = PBXFileReference; lastKnownFileType = sourcecode.swift; path = FavouriteImagesAssembly.swift; sourceTree = "<group>"; };
		40F3E6362AD8D0B600E7C9B8 /* ImageDetailsAssembly.swift */ = {isa = PBXFileReference; lastKnownFileType = sourcecode.swift; path = ImageDetailsAssembly.swift; sourceTree = "<group>"; };
		40F3E6382AD8D17D00E7C9B8 /* ImageDetailsPresenterProtocol.swift */ = {isa = PBXFileReference; lastKnownFileType = sourcecode.swift; path = ImageDetailsPresenterProtocol.swift; sourceTree = "<group>"; };
		40F3E63A2AD8D1E900E7C9B8 /* ImageDetailsPresenter.swift */ = {isa = PBXFileReference; lastKnownFileType = sourcecode.swift; path = ImageDetailsPresenter.swift; sourceTree = "<group>"; };
		40F3E63C2AD8D23B00E7C9B8 /* ImageDetailsViewInput.swift */ = {isa = PBXFileReference; lastKnownFileType = sourcecode.swift; path = ImageDetailsViewInput.swift; sourceTree = "<group>"; };
		40F3E63E2AD8D5F800E7C9B8 /* ImageDetailsViewController.swift */ = {isa = PBXFileReference; lastKnownFileType = sourcecode.swift; path = ImageDetailsViewController.swift; sourceTree = "<group>"; };
		40F3E6432AD8FA4300E7C9B8 /* UIViewController+Extension.swift */ = {isa = PBXFileReference; lastKnownFileType = sourcecode.swift; path = "UIViewController+Extension.swift"; sourceTree = "<group>"; };
		40F3E6452AD93AAD00E7C9B8 /* ApiManager.swift */ = {isa = PBXFileReference; lastKnownFileType = sourcecode.swift; path = ApiManager.swift; sourceTree = "<group>"; };
		40F3E6472AD93B8700E7C9B8 /* ErrorMessages.swift */ = {isa = PBXFileReference; lastKnownFileType = sourcecode.swift; path = ErrorMessages.swift; sourceTree = "<group>"; };
		40F3E64B2AD93D3300E7C9B8 /* RandomRequestModel.swift */ = {isa = PBXFileReference; lastKnownFileType = sourcecode.swift; path = RandomRequestModel.swift; sourceTree = "<group>"; };
		40F3E64D2AD93D8F00E7C9B8 /* ImageRequestModel.swift */ = {isa = PBXFileReference; lastKnownFileType = sourcecode.swift; path = ImageRequestModel.swift; sourceTree = "<group>"; };
		40F3E6502AD9406800E7C9B8 /* ImageView.swift */ = {isa = PBXFileReference; lastKnownFileType = sourcecode.swift; path = ImageView.swift; sourceTree = "<group>"; };
		40F3E6522AD943C300E7C9B8 /* DataLoadingViewController.swift */ = {isa = PBXFileReference; lastKnownFileType = sourcecode.swift; path = DataLoadingViewController.swift; sourceTree = "<group>"; };
		40F3E6542AD9441D00E7C9B8 /* EmptyStateView.swift */ = {isa = PBXFileReference; lastKnownFileType = sourcecode.swift; path = EmptyStateView.swift; sourceTree = "<group>"; };
		40F3E6562AD9445500E7C9B8 /* TitleLabel.swift */ = {isa = PBXFileReference; lastKnownFileType = sourcecode.swift; path = TitleLabel.swift; sourceTree = "<group>"; };
		40F3E6592AD9451C00E7C9B8 /* Colors.swift */ = {isa = PBXFileReference; lastKnownFileType = sourcecode.swift; path = Colors.swift; sourceTree = "<group>"; };
		40F3E65B2AD945AF00E7C9B8 /* BodyLabel.swift */ = {isa = PBXFileReference; lastKnownFileType = sourcecode.swift; path = BodyLabel.swift; sourceTree = "<group>"; };
		40F3E65D2AD945D900E7C9B8 /* SecondaryTitleLabel.swift */ = {isa = PBXFileReference; lastKnownFileType = sourcecode.swift; path = SecondaryTitleLabel.swift; sourceTree = "<group>"; };
		40F3E65F2AD9460C00E7C9B8 /* Button.swift */ = {isa = PBXFileReference; lastKnownFileType = sourcecode.swift; path = Button.swift; sourceTree = "<group>"; };
		40F3E6622AD946A000E7C9B8 /* ImageCell.swift */ = {isa = PBXFileReference; lastKnownFileType = sourcecode.swift; path = ImageCell.swift; sourceTree = "<group>"; };
		40F3E6642AD946ED00E7C9B8 /* FavoriteCell.swift */ = {isa = PBXFileReference; lastKnownFileType = sourcecode.swift; path = FavoriteCell.swift; sourceTree = "<group>"; };
		40F3E6662AD9473400E7C9B8 /* UIView+Extension.swift */ = {isa = PBXFileReference; lastKnownFileType = sourcecode.swift; path = "UIView+Extension.swift"; sourceTree = "<group>"; };
		40F3E6692AD947B300E7C9B8 /* AlertVC.swift */ = {isa = PBXFileReference; lastKnownFileType = sourcecode.swift; path = AlertVC.swift; sourceTree = "<group>"; };
		40F3E66C2AD9482A00E7C9B8 /* AlertContainerView.swift */ = {isa = PBXFileReference; lastKnownFileType = sourcecode.swift; path = AlertContainerView.swift; sourceTree = "<group>"; };
		40F3E66E2AD9487900E7C9B8 /* UIHelper.swift */ = {isa = PBXFileReference; lastKnownFileType = sourcecode.swift; path = UIHelper.swift; sourceTree = "<group>"; };
		40F3E6782ADC36AE00E7C9B8 /* FavouritesStorage.swift */ = {isa = PBXFileReference; lastKnownFileType = sourcecode.swift; path = FavouritesStorage.swift; sourceTree = "<group>"; };
		40F3E67A2ADC36D500E7C9B8 /* ImageDetails.swift */ = {isa = PBXFileReference; lastKnownFileType = sourcecode.swift; path = ImageDetails.swift; sourceTree = "<group>"; };
		40F3E67C2ADC40AE00E7C9B8 /* TempImageDetails.swift */ = {isa = PBXFileReference; lastKnownFileType = sourcecode.swift; path = TempImageDetails.swift; sourceTree = "<group>"; };
		40F3E67E2ADC440300E7C9B8 /* FavouriteImagesInput.swift */ = {isa = PBXFileReference; lastKnownFileType = sourcecode.swift; path = FavouriteImagesInput.swift; sourceTree = "<group>"; };
		40F3E6802ADC442300E7C9B8 /* FavouriteImagesOutput.swift */ = {isa = PBXFileReference; lastKnownFileType = sourcecode.swift; path = FavouriteImagesOutput.swift; sourceTree = "<group>"; };
		40F3E6862ADC486800E7C9B8 /* CollectionImagesPresenterTests.swift */ = {isa = PBXFileReference; lastKnownFileType = sourcecode.swift; path = CollectionImagesPresenterTests.swift; sourceTree = "<group>"; };
		40F3E6892ADC48E400E7C9B8 /* FavouriteImagesPresenterTests.swift */ = {isa = PBXFileReference; lastKnownFileType = sourcecode.swift; path = FavouriteImagesPresenterTests.swift; sourceTree = "<group>"; };
		40F3E68C2ADC490600E7C9B8 /* ImageDetailsPresenterTests.swift */ = {isa = PBXFileReference; lastKnownFileType = sourcecode.swift; path = ImageDetailsPresenterTests.swift; sourceTree = "<group>"; };
		40F3E6912ADC497900E7C9B8 /* FakeImageDetails.swift */ = {isa = PBXFileReference; lastKnownFileType = sourcecode.swift; path = FakeImageDetails.swift; sourceTree = "<group>"; };
		40F3E6932ADC49A000E7C9B8 /* ImageDetailsViewInputTestDouble.swift */ = {isa = PBXFileReference; lastKnownFileType = sourcecode.swift; path = ImageDetailsViewInputTestDouble.swift; sourceTree = "<group>"; };
		40F3E6952ADC49B900E7C9B8 /* APIManagerProtocolTestDouble.swift */ = {isa = PBXFileReference; lastKnownFileType = sourcecode.swift; path = APIManagerProtocolTestDouble.swift; sourceTree = "<group>"; };
		40F3E6972ADC49D600E7C9B8 /* ImageDownloaderProtocolTestDouble.swift */ = {isa = PBXFileReference; lastKnownFileType = sourcecode.swift; path = ImageDownloaderProtocolTestDouble.swift; sourceTree = "<group>"; };
		40F3E6992ADC49EA00E7C9B8 /* FavouritesStorageTestDouble.swift */ = {isa = PBXFileReference; lastKnownFileType = sourcecode.swift; path = FavouritesStorageTestDouble.swift; sourceTree = "<group>"; };
		40F3E69B2ADC4A0100E7C9B8 /* CollectionImagesInputTestDouble.swift */ = {isa = PBXFileReference; lastKnownFileType = sourcecode.swift; path = CollectionImagesInputTestDouble.swift; sourceTree = "<group>"; };
		40F3E69D2ADC4A3300E7C9B8 /* FavouriteImagesInputTestDouble.swift */ = {isa = PBXFileReference; lastKnownFileType = sourcecode.swift; path = FavouriteImagesInputTestDouble.swift; sourceTree = "<group>"; };
		40F3E6A32ADC527100E7C9B8 /* UnsplashAppTaskTests.xctest */ = {isa = PBXFileReference; explicitFileType = wrapper.cfbundle; includeInIndex = 0; path = UnsplashAppTaskTests.xctest; sourceTree = BUILT_PRODUCTS_DIR; };
		40F3E6C52ADC572E00E7C9B8 /* ImageDownloader.swift */ = {isa = PBXFileReference; lastKnownFileType = sourcecode.swift; path = ImageDownloader.swift; sourceTree = "<group>"; };
		40F3E6CA2ADC5B5D00E7C9B8 /* Reusable.swift */ = {isa = PBXFileReference; fileEncoding = 4; lastKnownFileType = sourcecode.swift; path = Reusable.swift; sourceTree = "<group>"; };
		40F9AF172ADC8FF200173CF0 /* en */ = {isa = PBXFileReference; lastKnownFileType = text.plist.strings; name = en; path = en.lproj/Localizable.strings; sourceTree = "<group>"; };
		40F9AF192ADC903500173CF0 /* de */ = {isa = PBXFileReference; lastKnownFileType = text.plist.strings; name = de; path = de.lproj/Localizable.strings; sourceTree = "<group>"; };
		40F9AF1C2ADC9EDC00173CF0 /* en */ = {isa = PBXFileReference; lastKnownFileType = text.plist.strings; name = en; path = en.lproj/LaunchScreen.strings; sourceTree = "<group>"; };
		40F9AF1F2ADCA70D00173CF0 /* ConnectivityService.swift */ = {isa = PBXFileReference; lastKnownFileType = sourcecode.swift; path = ConnectivityService.swift; sourceTree = "<group>"; };
		40F9AF282ADCAA9400173CF0 /* ConnectivityServiceTests.swift */ = {isa = PBXFileReference; lastKnownFileType = sourcecode.swift; path = ConnectivityServiceTests.swift; sourceTree = "<group>"; };
		CE857F0E2AD811210012B07C /* MainTabBarAssembly.swift */ = {isa = PBXFileReference; lastKnownFileType = sourcecode.swift; path = MainTabBarAssembly.swift; sourceTree = "<group>"; };
		CE857F102AD811400012B07C /* MainTabBarController.swift */ = {isa = PBXFileReference; lastKnownFileType = sourcecode.swift; path = MainTabBarController.swift; sourceTree = "<group>"; };
		CE857F142AD813670012B07C /* FavouriteImagesViewController.swift */ = {isa = PBXFileReference; lastKnownFileType = sourcecode.swift; path = FavouriteImagesViewController.swift; sourceTree = "<group>"; };
		CE857F172AD81AB40012B07C /* Constants.swift */ = {isa = PBXFileReference; lastKnownFileType = sourcecode.swift; path = Constants.swift; sourceTree = "<group>"; };
		CE857F192AD81BB30012B07C /* CollectionImagesAssembly.swift */ = {isa = PBXFileReference; lastKnownFileType = sourcecode.swift; path = CollectionImagesAssembly.swift; sourceTree = "<group>"; };
		CE857F1B2AD81C430012B07C /* CollectionImagesPresenter.swift */ = {isa = PBXFileReference; lastKnownFileType = sourcecode.swift; path = CollectionImagesPresenter.swift; sourceTree = "<group>"; };
		CE857F1D2AD81C640012B07C /* CollectionImagesPresenterProtocol.swift */ = {isa = PBXFileReference; lastKnownFileType = sourcecode.swift; path = CollectionImagesPresenterProtocol.swift; sourceTree = "<group>"; };
		CE857F212AD820250012B07C /* CollectionImagesViewInput.swift */ = {isa = PBXFileReference; lastKnownFileType = sourcecode.swift; path = CollectionImagesViewInput.swift; sourceTree = "<group>"; };
		CE857F242AD822C70012B07C /* Image.swift */ = {isa = PBXFileReference; lastKnownFileType = sourcecode.swift; path = Image.swift; sourceTree = "<group>"; };
		CE857F262AD822D40012B07C /* ImageData.swift */ = {isa = PBXFileReference; lastKnownFileType = sourcecode.swift; path = ImageData.swift; sourceTree = "<group>"; };
		CE857F2E2AD8406E0012B07C /* PersistanceManager.swift */ = {isa = PBXFileReference; lastKnownFileType = sourcecode.swift; path = PersistanceManager.swift; sourceTree = "<group>"; };
		CE857F302AD845620012B07C /* CollectionImagesViewCell.swift */ = {isa = PBXFileReference; lastKnownFileType = sourcecode.swift; path = CollectionImagesViewCell.swift; sourceTree = "<group>"; };
		CE857F322AD8491F0012B07C /* Collection+Extension.swift */ = {isa = PBXFileReference; lastKnownFileType = sourcecode.swift; path = "Collection+Extension.swift"; sourceTree = "<group>"; };
		CE8BBAF52AD7FEF0006FA944 /* UnsplashAppTask.app */ = {isa = PBXFileReference; explicitFileType = wrapper.application; includeInIndex = 0; path = UnsplashAppTask.app; sourceTree = BUILT_PRODUCTS_DIR; };
		CE8BBAF82AD7FEF0006FA944 /* AppDelegate.swift */ = {isa = PBXFileReference; lastKnownFileType = sourcecode.swift; path = AppDelegate.swift; sourceTree = "<group>"; };
		CE8BBAFA2AD7FEF0006FA944 /* SceneDelegate.swift */ = {isa = PBXFileReference; lastKnownFileType = sourcecode.swift; path = SceneDelegate.swift; sourceTree = "<group>"; };
		CE8BBAFC2AD7FEF0006FA944 /* CollectionImagesViewController.swift */ = {isa = PBXFileReference; lastKnownFileType = sourcecode.swift; path = CollectionImagesViewController.swift; sourceTree = "<group>"; };
		CE8BBB012AD7FEF2006FA944 /* Assets.xcassets */ = {isa = PBXFileReference; lastKnownFileType = folder.assetcatalog; path = Assets.xcassets; sourceTree = "<group>"; };
		CE8BBB042AD7FEF2006FA944 /* Base */ = {isa = PBXFileReference; lastKnownFileType = file.storyboard; name = Base; path = Base.lproj/LaunchScreen.storyboard; sourceTree = "<group>"; };
		CE8BBB062AD7FEF2006FA944 /* Info.plist */ = {isa = PBXFileReference; lastKnownFileType = text.plist.xml; path = Info.plist; sourceTree = "<group>"; };
/* End PBXFileReference section */

/* Begin PBXFrameworksBuildPhase section */
		40F3E6A02ADC527100E7C9B8 /* Frameworks */ = {
			isa = PBXFrameworksBuildPhase;
			buildActionMask = 2147483647;
			files = (
				40F3E6C32ADC566D00E7C9B8 /* SDWebImage in Frameworks */,
				40F3E6C12ADC566D00E7C9B8 /* RealmSwift in Frameworks */,
				40F3E6BF2ADC566D00E7C9B8 /* Realm in Frameworks */,
			);
			runOnlyForDeploymentPostprocessing = 0;
		};
		CE8BBAF22AD7FEF0006FA944 /* Frameworks */ = {
			isa = PBXFrameworksBuildPhase;
			buildActionMask = 2147483647;
			files = (
				40F3E6D22ADC87A900E7C9B8 /* RswiftLibrary in Frameworks */,
				40F9AF242ADCA7F000173CF0 /* SwiftMessages in Frameworks */,
				CE857F2A2AD82FC40012B07C /* Alamofire in Frameworks */,
				CE857F0A2AD804290012B07C /* RealmSwift in Frameworks */,
				40F3E6422AD8EE1500E7C9B8 /* SDWebImage in Frameworks */,
				CE857F082AD804290012B07C /* Realm in Frameworks */,
				40F3E6D42ADC87A900E7C9B8 /* rswift in Frameworks */,
			);
			runOnlyForDeploymentPostprocessing = 0;
		};
/* End PBXFrameworksBuildPhase section */

/* Begin PBXGroup section */
		40F3E6252AD8C4A300E7C9B8 /* Presenter */ = {
			isa = PBXGroup;
			children = (
				40F3E62B2AD8C6D700E7C9B8 /* FavouriteImagesPresenterProtocol.swift */,
				40F3E62D2AD8C71F00E7C9B8 /* FavouriteImagesPresenter.swift */,
				40F3E6802ADC442300E7C9B8 /* FavouriteImagesOutput.swift */,
			);
			path = Presenter;
			sourceTree = "<group>";
		};
		40F3E6262AD8C4AC00E7C9B8 /* View */ = {
			isa = PBXGroup;
			children = (
				CE857F142AD813670012B07C /* FavouriteImagesViewController.swift */,
				40F3E6272AD8C52900E7C9B8 /* FavouriteImagesTableViewCell.swift */,
				40F3E67E2ADC440300E7C9B8 /* FavouriteImagesInput.swift */,
			);
			path = View;
			sourceTree = "<group>";
		};
		40F3E6332AD8D05A00E7C9B8 /* ImageDetailsModule */ = {
			isa = PBXGroup;
			children = (
				40F3E6352AD8D08700E7C9B8 /* View */,
				40F3E6342AD8D08000E7C9B8 /* Presenter */,
				40F3E6362AD8D0B600E7C9B8 /* ImageDetailsAssembly.swift */,
			);
			path = ImageDetailsModule;
			sourceTree = "<group>";
		};
		40F3E6342AD8D08000E7C9B8 /* Presenter */ = {
			isa = PBXGroup;
			children = (
				40F3E6382AD8D17D00E7C9B8 /* ImageDetailsPresenterProtocol.swift */,
				40F3E63A2AD8D1E900E7C9B8 /* ImageDetailsPresenter.swift */,
			);
			path = Presenter;
			sourceTree = "<group>";
		};
		40F3E6352AD8D08700E7C9B8 /* View */ = {
			isa = PBXGroup;
			children = (
				40F3E63C2AD8D23B00E7C9B8 /* ImageDetailsViewInput.swift */,
				40F3E63E2AD8D5F800E7C9B8 /* ImageDetailsViewController.swift */,
			);
			path = View;
			sourceTree = "<group>";
		};
		40F3E64F2AD9404500E7C9B8 /* CustomViews */ = {
			isa = PBXGroup;
			children = (
				40F3E66B2AD947F500E7C9B8 /* VIews */,
				40F3E6682AD947A000E7C9B8 /* ViewControllers */,
				40F3E6612AD9468300E7C9B8 /* Cells */,
			);
			path = CustomViews;
			sourceTree = "<group>";
		};
		40F3E6582AD9450C00E7C9B8 /* Utilities */ = {
			isa = PBXGroup;
			children = (
				40F3E6C72ADC58E000E7C9B8 /* Helpers */,
				40F3E6592AD9451C00E7C9B8 /* Colors.swift */,
				40F3E66E2AD9487900E7C9B8 /* UIHelper.swift */,
			);
			path = Utilities;
			sourceTree = "<group>";
		};
		40F3E6612AD9468300E7C9B8 /* Cells */ = {
			isa = PBXGroup;
			children = (
				40F3E6622AD946A000E7C9B8 /* ImageCell.swift */,
				40F3E6642AD946ED00E7C9B8 /* FavoriteCell.swift */,
			);
			path = Cells;
			sourceTree = "<group>";
		};
		40F3E6682AD947A000E7C9B8 /* ViewControllers */ = {
			isa = PBXGroup;
			children = (
				40F3E6522AD943C300E7C9B8 /* DataLoadingViewController.swift */,
				40F3E6692AD947B300E7C9B8 /* AlertVC.swift */,
			);
			path = ViewControllers;
			sourceTree = "<group>";
		};
		40F3E66B2AD947F500E7C9B8 /* VIews */ = {
			isa = PBXGroup;
			children = (
				40F3E6542AD9441D00E7C9B8 /* EmptyStateView.swift */,
				40F3E65B2AD945AF00E7C9B8 /* BodyLabel.swift */,
				40F3E65D2AD945D900E7C9B8 /* SecondaryTitleLabel.swift */,
				40F3E6562AD9445500E7C9B8 /* TitleLabel.swift */,
				40F3E6502AD9406800E7C9B8 /* ImageView.swift */,
				40F3E65F2AD9460C00E7C9B8 /* Button.swift */,
				40F3E66C2AD9482A00E7C9B8 /* AlertContainerView.swift */,
			);
			path = VIews;
			sourceTree = "<group>";
		};
		40F3E6702AD948C500E7C9B8 /* Extensions */ = {
			isa = PBXGroup;
			children = (
				CE857F322AD8491F0012B07C /* Collection+Extension.swift */,
				40F3E6432AD8FA4300E7C9B8 /* UIViewController+Extension.swift */,
				40F3E6662AD9473400E7C9B8 /* UIView+Extension.swift */,
			);
			path = Extensions;
			sourceTree = "<group>";
		};
		40F3E6772ADC369100E7C9B8 /* Contracts */ = {
			isa = PBXGroup;
			children = (
				40F3E6782ADC36AE00E7C9B8 /* FavouritesStorage.swift */,
				40F3E67A2ADC36D500E7C9B8 /* ImageDetails.swift */,
				40F3E6C52ADC572E00E7C9B8 /* ImageDownloader.swift */,
			);
			path = Contracts;
			sourceTree = "<group>";
		};
		40F3E6832ADC482100E7C9B8 /* Modules */ = {
			isa = PBXGroup;
			children = (
				40F3E68B2ADC48EF00E7C9B8 /* ImageDetails */,
				40F3E6882ADC48CB00E7C9B8 /* FavouriteImages */,
				40F3E6842ADC482900E7C9B8 /* CollectionImages */,
			);
			path = Modules;
			sourceTree = "<group>";
		};
		40F3E6842ADC482900E7C9B8 /* CollectionImages */ = {
			isa = PBXGroup;
			children = (
				40F3E6862ADC486800E7C9B8 /* CollectionImagesPresenterTests.swift */,
			);
			path = CollectionImages;
			sourceTree = "<group>";
		};
		40F3E6882ADC48CB00E7C9B8 /* FavouriteImages */ = {
			isa = PBXGroup;
			children = (
				40F3E6892ADC48E400E7C9B8 /* FavouriteImagesPresenterTests.swift */,
			);
			path = FavouriteImages;
			sourceTree = "<group>";
		};
		40F3E68B2ADC48EF00E7C9B8 /* ImageDetails */ = {
			isa = PBXGroup;
			children = (
				40F3E68C2ADC490600E7C9B8 /* ImageDetailsPresenterTests.swift */,
			);
			path = ImageDetails;
			sourceTree = "<group>";
		};
		40F3E68E2ADC494000E7C9B8 /* Utility */ = {
			isa = PBXGroup;
			children = (
				40F3E6902ADC495E00E7C9B8 /* Stubs */,
				40F3E68F2ADC495A00E7C9B8 /* Mocks */,
			);
			path = Utility;
			sourceTree = "<group>";
		};
		40F3E68F2ADC495A00E7C9B8 /* Mocks */ = {
			isa = PBXGroup;
			children = (
				40F3E6912ADC497900E7C9B8 /* FakeImageDetails.swift */,
			);
			path = Mocks;
			sourceTree = "<group>";
		};
		40F3E6902ADC495E00E7C9B8 /* Stubs */ = {
			isa = PBXGroup;
			children = (
				40F3E6932ADC49A000E7C9B8 /* ImageDetailsViewInputTestDouble.swift */,
				40F3E6952ADC49B900E7C9B8 /* APIManagerProtocolTestDouble.swift */,
				40F3E6972ADC49D600E7C9B8 /* ImageDownloaderProtocolTestDouble.swift */,
				40F3E6992ADC49EA00E7C9B8 /* FavouritesStorageTestDouble.swift */,
				40F3E69B2ADC4A0100E7C9B8 /* CollectionImagesInputTestDouble.swift */,
				40F3E69D2ADC4A3300E7C9B8 /* FavouriteImagesInputTestDouble.swift */,
			);
			path = Stubs;
			sourceTree = "<group>";
		};
		40F3E6A42ADC527100E7C9B8 /* UnsplashAppTaskTests */ = {
			isa = PBXGroup;
			children = (
				40F9AF262ADCAA6A00173CF0 /* Services */,
				40F3E6832ADC482100E7C9B8 /* Modules */,
				40F3E68E2ADC494000E7C9B8 /* Utility */,
			);
			path = UnsplashAppTaskTests;
			sourceTree = "<group>";
		};
		40F3E6BD2ADC566D00E7C9B8 /* Frameworks */ = {
			isa = PBXGroup;
			children = (
			);
			name = Frameworks;
			sourceTree = "<group>";
		};
		40F3E6C72ADC58E000E7C9B8 /* Helpers */ = {
			isa = PBXGroup;
			children = (
				CE857F242AD822C70012B07C /* Image.swift */,
				CE857F262AD822D40012B07C /* ImageData.swift */,
				40F3E62F2AD8C83200E7C9B8 /* ImagesStorage.swift */,
			);
			path = Helpers;
			sourceTree = "<group>";
		};
		40F9AF112ADC8ED000173CF0 /* Localizables */ = {
			isa = PBXGroup;
			children = (
				40F9AF182ADC8FF200173CF0 /* Localizable.strings */,
			);
			path = Localizables;
			sourceTree = "<group>";
		};
		40F9AF262ADCAA6A00173CF0 /* Services */ = {
			isa = PBXGroup;
			children = (
				40F9AF282ADCAA9400173CF0 /* ConnectivityServiceTests.swift */,
			);
			path = Services;
			sourceTree = "<group>";
		};
		CE857F0B2AD8108E0012B07C /* Application */ = {
			isa = PBXGroup;
			children = (
				CE8BBAFA2AD7FEF0006FA944 /* SceneDelegate.swift */,
				CE8BBAF82AD7FEF0006FA944 /* AppDelegate.swift */,
			);
			path = Application;
			sourceTree = "<group>";
		};
		CE857F0C2AD810AD0012B07C /* Modules */ = {
			isa = PBXGroup;
			children = (
				40F3E6332AD8D05A00E7C9B8 /* ImageDetailsModule */,
				CE857F132AD812FF0012B07C /* CollectionImagesModule */,
				CE857F122AD812EC0012B07C /* FavouriteImagesModule */,
				CE857F0D2AD810E70012B07C /* MainTabBarModule */,
			);
			path = Modules;
			sourceTree = "<group>";
		};
		CE857F0D2AD810E70012B07C /* MainTabBarModule */ = {
			isa = PBXGroup;
			children = (
				CE857F0E2AD811210012B07C /* MainTabBarAssembly.swift */,
				CE857F102AD811400012B07C /* MainTabBarController.swift */,
			);
			path = MainTabBarModule;
			sourceTree = "<group>";
		};
		CE857F122AD812EC0012B07C /* FavouriteImagesModule */ = {
			isa = PBXGroup;
			children = (
				40F3E6262AD8C4AC00E7C9B8 /* View */,
				40F3E6252AD8C4A300E7C9B8 /* Presenter */,
				40F3E6312AD8CCC800E7C9B8 /* FavouriteImagesAssembly.swift */,
			);
			path = FavouriteImagesModule;
			sourceTree = "<group>";
		};
		CE857F132AD812FF0012B07C /* CollectionImagesModule */ = {
			isa = PBXGroup;
			children = (
				CE857F202AD81D400012B07C /* Presenter */,
				CE857F1F2AD81D320012B07C /* View */,
				CE857F192AD81BB30012B07C /* CollectionImagesAssembly.swift */,
			);
			path = CollectionImagesModule;
			sourceTree = "<group>";
		};
		CE857F162AD81A950012B07C /* Support Files */ = {
			isa = PBXGroup;
			children = (
				40F3E6702AD948C500E7C9B8 /* Extensions */,
				40F3E6582AD9450C00E7C9B8 /* Utilities */,
				CE857F172AD81AB40012B07C /* Constants.swift */,
				40F3E6CA2ADC5B5D00E7C9B8 /* Reusable.swift */,
			);
			path = "Support Files";
			sourceTree = "<group>";
		};
		CE857F1F2AD81D320012B07C /* View */ = {
			isa = PBXGroup;
			children = (
				CE8BBAFC2AD7FEF0006FA944 /* CollectionImagesViewController.swift */,
				CE857F212AD820250012B07C /* CollectionImagesViewInput.swift */,
				CE857F302AD845620012B07C /* CollectionImagesViewCell.swift */,
			);
			path = View;
			sourceTree = "<group>";
		};
		CE857F202AD81D400012B07C /* Presenter */ = {
			isa = PBXGroup;
			children = (
				CE857F1B2AD81C430012B07C /* CollectionImagesPresenter.swift */,
				CE857F1D2AD81C640012B07C /* CollectionImagesPresenterProtocol.swift */,
			);
			path = Presenter;
			sourceTree = "<group>";
		};
		CE857F232AD822B80012B07C /* Model */ = {
			isa = PBXGroup;
			children = (
				40F3E64B2AD93D3300E7C9B8 /* RandomRequestModel.swift */,
				40F3E64D2AD93D8F00E7C9B8 /* ImageRequestModel.swift */,
				40F3E67C2ADC40AE00E7C9B8 /* TempImageDetails.swift */,
			);
			path = Model;
			sourceTree = "<group>";
		};
		CE857F2B2AD82FD70012B07C /* Services */ = {
			isa = PBXGroup;
			children = (
				CE857F2E2AD8406E0012B07C /* PersistanceManager.swift */,
				40F3E6452AD93AAD00E7C9B8 /* ApiManager.swift */,
				40F3E6472AD93B8700E7C9B8 /* ErrorMessages.swift */,
				40F9AF1F2ADCA70D00173CF0 /* ConnectivityService.swift */,
			);
			path = Services;
			sourceTree = "<group>";
		};
		CE8BBAEC2AD7FEF0006FA944 = {
			isa = PBXGroup;
			children = (
				CE8BBAF72AD7FEF0006FA944 /* UnsplashAppTask */,
				40F3E6A42ADC527100E7C9B8 /* UnsplashAppTaskTests */,
				CE8BBAF62AD7FEF0006FA944 /* Products */,
				40F3E6BD2ADC566D00E7C9B8 /* Frameworks */,
			);
			sourceTree = "<group>";
		};
		CE8BBAF62AD7FEF0006FA944 /* Products */ = {
			isa = PBXGroup;
			children = (
				CE8BBAF52AD7FEF0006FA944 /* UnsplashAppTask.app */,
				40F3E6A32ADC527100E7C9B8 /* UnsplashAppTaskTests.xctest */,
			);
			name = Products;
			sourceTree = "<group>";
		};
		CE8BBAF72AD7FEF0006FA944 /* UnsplashAppTask */ = {
			isa = PBXGroup;
			children = (
				40F9AF112ADC8ED000173CF0 /* Localizables */,
				40F3E6772ADC369100E7C9B8 /* Contracts */,
				40F3E64F2AD9404500E7C9B8 /* CustomViews */,
				CE857F0B2AD8108E0012B07C /* Application */,
				CE857F2B2AD82FD70012B07C /* Services */,
				CE857F162AD81A950012B07C /* Support Files */,
				CE857F232AD822B80012B07C /* Model */,
				CE857F0C2AD810AD0012B07C /* Modules */,
				CE8BBB012AD7FEF2006FA944 /* Assets.xcassets */,
				CE8BBB032AD7FEF2006FA944 /* LaunchScreen.storyboard */,
				CE8BBB062AD7FEF2006FA944 /* Info.plist */,
			);
			path = UnsplashAppTask;
			sourceTree = "<group>";
		};
/* End PBXGroup section */

/* Begin PBXNativeTarget section */
		40F3E6A22ADC527100E7C9B8 /* UnsplashAppTaskTests */ = {
			isa = PBXNativeTarget;
			buildConfigurationList = 40F3E6A92ADC527100E7C9B8 /* Build configuration list for PBXNativeTarget "UnsplashAppTaskTests" */;
			buildPhases = (
				40F3E69F2ADC527100E7C9B8 /* Sources */,
				40F3E6A02ADC527100E7C9B8 /* Frameworks */,
				40F3E6A12ADC527100E7C9B8 /* Resources */,
			);
			buildRules = (
			);
			dependencies = (
				40F3E6A82ADC527100E7C9B8 /* PBXTargetDependency */,
			);
			name = UnsplashAppTaskTests;
			packageProductDependencies = (
				40F3E6BE2ADC566D00E7C9B8 /* Realm */,
				40F3E6C02ADC566D00E7C9B8 /* RealmSwift */,
				40F3E6C22ADC566D00E7C9B8 /* SDWebImage */,
			);
			productName = UnsplashAppTaskTests;
			productReference = 40F3E6A32ADC527100E7C9B8 /* UnsplashAppTaskTests.xctest */;
			productType = "com.apple.product-type.bundle.unit-test";
		};
		CE8BBAF42AD7FEF0006FA944 /* UnsplashAppTask */ = {
			isa = PBXNativeTarget;
			buildConfigurationList = CE8BBB1F2AD7FEF2006FA944 /* Build configuration list for PBXNativeTarget "UnsplashAppTask" */;
			buildPhases = (
				CE8BBAF12AD7FEF0006FA944 /* Sources */,
				CE8BBAF22AD7FEF0006FA944 /* Frameworks */,
				CE8BBAF32AD7FEF0006FA944 /* Resources */,
				40F3E6CC2ADC627800E7C9B8 /* ShellScript */,
			);
			buildRules = (
			);
			dependencies = (
				40F3E6D62ADC889A00E7C9B8 /* PBXTargetDependency */,
			);
			name = UnsplashAppTask;
			packageProductDependencies = (
				CE857F072AD804290012B07C /* Realm */,
				CE857F092AD804290012B07C /* RealmSwift */,
				CE857F292AD82FC40012B07C /* Alamofire */,
				40F3E6412AD8EE1500E7C9B8 /* SDWebImage */,
				40F3E6D12ADC87A900E7C9B8 /* RswiftLibrary */,
				40F3E6D32ADC87A900E7C9B8 /* rswift */,
				40F9AF232ADCA7F000173CF0 /* SwiftMessages */,
			);
			productName = UnsplashAppTask;
			productReference = CE8BBAF52AD7FEF0006FA944 /* UnsplashAppTask.app */;
			productType = "com.apple.product-type.application";
		};
/* End PBXNativeTarget section */

/* Begin PBXProject section */
		CE8BBAED2AD7FEF0006FA944 /* Project object */ = {
			isa = PBXProject;
			attributes = {
				BuildIndependentTargetsInParallel = 1;
				LastSwiftUpdateCheck = 1430;
				LastUpgradeCheck = 1430;
				TargetAttributes = {
					40F3E6A22ADC527100E7C9B8 = {
						CreatedOnToolsVersion = 14.3.1;
						TestTargetID = CE8BBAF42AD7FEF0006FA944;
					};
					CE8BBAF42AD7FEF0006FA944 = {
						CreatedOnToolsVersion = 14.3.1;
					};
				};
			};
			buildConfigurationList = CE8BBAF02AD7FEF0006FA944 /* Build configuration list for PBXProject "UnsplashAppTask" */;
			compatibilityVersion = "Xcode 14.0";
			developmentRegion = en;
			hasScannedForEncodings = 0;
			knownRegions = (
				en,
				Base,
				de,
			);
			mainGroup = CE8BBAEC2AD7FEF0006FA944;
			packageReferences = (
				CE857F062AD804280012B07C /* XCRemoteSwiftPackageReference "realm-swift" */,
				CE857F282AD82FC40012B07C /* XCRemoteSwiftPackageReference "Alamofire" */,
				40F3E6402AD8EE1500E7C9B8 /* XCRemoteSwiftPackageReference "SDWebImage" */,
				40F3E6D02ADC87A900E7C9B8 /* XCRemoteSwiftPackageReference "R.swift" */,
				40F9AF222ADCA7F000173CF0 /* XCRemoteSwiftPackageReference "SwiftMessages" */,
			);
			productRefGroup = CE8BBAF62AD7FEF0006FA944 /* Products */;
			projectDirPath = "";
			projectRoot = "";
			targets = (
				CE8BBAF42AD7FEF0006FA944 /* UnsplashAppTask */,
				40F3E6A22ADC527100E7C9B8 /* UnsplashAppTaskTests */,
			);
		};
/* End PBXProject section */

/* Begin PBXResourcesBuildPhase section */
		40F3E6A12ADC527100E7C9B8 /* Resources */ = {
			isa = PBXResourcesBuildPhase;
			buildActionMask = 2147483647;
			files = (
			);
			runOnlyForDeploymentPostprocessing = 0;
		};
		CE8BBAF32AD7FEF0006FA944 /* Resources */ = {
			isa = PBXResourcesBuildPhase;
			buildActionMask = 2147483647;
			files = (
				CE8BBB052AD7FEF2006FA944 /* LaunchScreen.storyboard in Resources */,
				40F9AF162ADC8FF200173CF0 /* Localizable.strings in Resources */,
				CE8BBB022AD7FEF2006FA944 /* Assets.xcassets in Resources */,
			);
			runOnlyForDeploymentPostprocessing = 0;
		};
/* End PBXResourcesBuildPhase section */

/* Begin PBXShellScriptBuildPhase section */
		40F3E6CC2ADC627800E7C9B8 /* ShellScript */ = {
			isa = PBXShellScriptBuildPhase;
			buildActionMask = 2147483647;
			files = (
			);
			inputFileListPaths = (
			);
			inputPaths = (
				"",
			);
			outputFileListPaths = (
			);
			outputPaths = (
			);
			runOnlyForDeploymentPostprocessing = 0;
			shellPath = /bin/sh;
			shellScript = "if which swiftlint >/dev/null; then\n  swiftlint\nelse\n  echo \"error: SwiftLint does not exist, download it from https://github.com/realm/SwiftLint\"\n  exit 1\nfi\n";
		};
/* End PBXShellScriptBuildPhase section */

/* Begin PBXSourcesBuildPhase section */
		40F3E69F2ADC527100E7C9B8 /* Sources */ = {
			isa = PBXSourcesBuildPhase;
			buildActionMask = 2147483647;
			files = (
				40F3E6AD2ADC536600E7C9B8 /* APIManagerProtocolTestDouble.swift in Sources */,
				40F3E6B02ADC537F00E7C9B8 /* CollectionImagesPresenterTests.swift in Sources */,
				40F3E6B42ADC538E00E7C9B8 /* FavouriteImagesInputTestDouble.swift in Sources */,
				40F3E6B32ADC538C00E7C9B8 /* CollectionImagesInputTestDouble.swift in Sources */,
				40F3E6B52ADC539100E7C9B8 /* FakeImageDetails.swift in Sources */,
				40F9AF292ADCAA9400173CF0 /* ConnectivityServiceTests.swift in Sources */,
				40F3E6AE2ADC537700E7C9B8 /* ImageDetailsPresenterTests.swift in Sources */,
				40F3E6B22ADC538A00E7C9B8 /* FavouritesStorageTestDouble.swift in Sources */,
				40F3E6B12ADC538600E7C9B8 /* ImageDownloaderProtocolTestDouble.swift in Sources */,
				40F3E6AF2ADC537A00E7C9B8 /* FavouriteImagesPresenterTests.swift in Sources */,
				40F3E6AC2ADC536200E7C9B8 /* ImageDetailsViewInputTestDouble.swift in Sources */,
			);
			runOnlyForDeploymentPostprocessing = 0;
		};
		CE8BBAF12AD7FEF0006FA944 /* Sources */ = {
			isa = PBXSourcesBuildPhase;
			buildActionMask = 2147483647;
			files = (
				40F3E6392AD8D17D00E7C9B8 /* ImageDetailsPresenterProtocol.swift in Sources */,
				CE857F2F2AD8406E0012B07C /* PersistanceManager.swift in Sources */,
				40F3E6C62ADC572E00E7C9B8 /* ImageDownloader.swift in Sources */,
				40F3E63F2AD8D5F800E7C9B8 /* ImageDetailsViewController.swift in Sources */,
				40F3E6792ADC36AE00E7C9B8 /* FavouritesStorage.swift in Sources */,
				40F3E6672AD9473400E7C9B8 /* UIView+Extension.swift in Sources */,
				40F3E64C2AD93D3300E7C9B8 /* RandomRequestModel.swift in Sources */,
				40F3E6552AD9441D00E7C9B8 /* EmptyStateView.swift in Sources */,
				40F3E67D2ADC40AE00E7C9B8 /* TempImageDetails.swift in Sources */,
				40F3E6652AD946ED00E7C9B8 /* FavoriteCell.swift in Sources */,
				40F3E62E2AD8C71F00E7C9B8 /* FavouriteImagesPresenter.swift in Sources */,
				40F3E6512AD9406800E7C9B8 /* ImageView.swift in Sources */,
				40F3E6602AD9460C00E7C9B8 /* Button.swift in Sources */,
				40F3E6442AD8FA4300E7C9B8 /* UIViewController+Extension.swift in Sources */,
				40F3E6322AD8CCC800E7C9B8 /* FavouriteImagesAssembly.swift in Sources */,
				40F3E65E2AD945D900E7C9B8 /* SecondaryTitleLabel.swift in Sources */,
				CE857F0F2AD811210012B07C /* MainTabBarAssembly.swift in Sources */,
				CE857F252AD822C70012B07C /* Image.swift in Sources */,
				40F3E6372AD8D0B600E7C9B8 /* ImageDetailsAssembly.swift in Sources */,
				CE857F272AD822D40012B07C /* ImageData.swift in Sources */,
				40F3E67B2ADC36D500E7C9B8 /* ImageDetails.swift in Sources */,
				40F3E66D2AD9482A00E7C9B8 /* AlertContainerView.swift in Sources */,
				40F3E6572AD9445500E7C9B8 /* TitleLabel.swift in Sources */,
				40F3E64E2AD93D8F00E7C9B8 /* ImageRequestModel.swift in Sources */,
				40F3E6532AD943C300E7C9B8 /* DataLoadingViewController.swift in Sources */,
				40F3E6812ADC442300E7C9B8 /* FavouriteImagesOutput.swift in Sources */,
				40F3E67F2ADC440300E7C9B8 /* FavouriteImagesInput.swift in Sources */,
				40F3E66F2AD9487900E7C9B8 /* UIHelper.swift in Sources */,
				CE857F152AD813670012B07C /* FavouriteImagesViewController.swift in Sources */,
				40F3E6462AD93AAD00E7C9B8 /* ApiManager.swift in Sources */,
				40F3E63D2AD8D23B00E7C9B8 /* ImageDetailsViewInput.swift in Sources */,
				40F3E66A2AD947B300E7C9B8 /* AlertVC.swift in Sources */,
				CE857F1C2AD81C430012B07C /* CollectionImagesPresenter.swift in Sources */,
				CE857F312AD845620012B07C /* CollectionImagesViewCell.swift in Sources */,
				CE8BBAFD2AD7FEF0006FA944 /* CollectionImagesViewController.swift in Sources */,
				40F3E6632AD946A000E7C9B8 /* ImageCell.swift in Sources */,
				40F9AF202ADCA70D00173CF0 /* ConnectivityService.swift in Sources */,
				CE857F1E2AD81C640012B07C /* CollectionImagesPresenterProtocol.swift in Sources */,
				CE857F1A2AD81BB30012B07C /* CollectionImagesAssembly.swift in Sources */,
				CE857F112AD811400012B07C /* MainTabBarController.swift in Sources */,
				CE857F332AD8491F0012B07C /* Collection+Extension.swift in Sources */,
				40F3E6482AD93B8700E7C9B8 /* ErrorMessages.swift in Sources */,
				CE857F182AD81AB40012B07C /* Constants.swift in Sources */,
				40F3E62C2AD8C6D700E7C9B8 /* FavouriteImagesPresenterProtocol.swift in Sources */,
				40F3E65C2AD945AF00E7C9B8 /* BodyLabel.swift in Sources */,
				CE8BBAF92AD7FEF0006FA944 /* AppDelegate.swift in Sources */,
				40F3E63B2AD8D1E900E7C9B8 /* ImageDetailsPresenter.swift in Sources */,
				40F3E65A2AD9451C00E7C9B8 /* Colors.swift in Sources */,
				CE8BBAFB2AD7FEF0006FA944 /* SceneDelegate.swift in Sources */,
				40F3E6CB2ADC5B5D00E7C9B8 /* Reusable.swift in Sources */,
				40F3E6302AD8C83200E7C9B8 /* ImagesStorage.swift in Sources */,
				CE857F222AD820250012B07C /* CollectionImagesViewInput.swift in Sources */,
				40F3E6282AD8C52900E7C9B8 /* FavouriteImagesTableViewCell.swift in Sources */,
			);
			runOnlyForDeploymentPostprocessing = 0;
		};
/* End PBXSourcesBuildPhase section */

/* Begin PBXTargetDependency section */
		40F3E6A82ADC527100E7C9B8 /* PBXTargetDependency */ = {
			isa = PBXTargetDependency;
			target = CE8BBAF42AD7FEF0006FA944 /* UnsplashAppTask */;
			targetProxy = 40F3E6A72ADC527100E7C9B8 /* PBXContainerItemProxy */;
		};
		40F3E6D62ADC889A00E7C9B8 /* PBXTargetDependency */ = {
			isa = PBXTargetDependency;
			productRef = 40F3E6D52ADC889A00E7C9B8 /* RswiftGenerateInternalResources */;
		};
/* End PBXTargetDependency section */

/* Begin PBXVariantGroup section */
		40F9AF182ADC8FF200173CF0 /* Localizable.strings */ = {
			isa = PBXVariantGroup;
			children = (
				40F9AF172ADC8FF200173CF0 /* en */,
				40F9AF192ADC903500173CF0 /* de */,
			);
			name = Localizable.strings;
			sourceTree = "<group>";
		};
		CE8BBB032AD7FEF2006FA944 /* LaunchScreen.storyboard */ = {
			isa = PBXVariantGroup;
			children = (
				CE8BBB042AD7FEF2006FA944 /* Base */,
				40F9AF1C2ADC9EDC00173CF0 /* en */,
			);
			name = LaunchScreen.storyboard;
			sourceTree = "<group>";
		};
/* End PBXVariantGroup section */

/* Begin XCBuildConfiguration section */
		40F3E6AA2ADC527100E7C9B8 /* Debug */ = {
			isa = XCBuildConfiguration;
			buildSettings = {
				BUNDLE_LOADER = "$(TEST_HOST)";
				CODE_SIGN_STYLE = Automatic;
				CURRENT_PROJECT_VERSION = 1;
				DEVELOPMENT_TEAM = 5W9K96U25G;
				GENERATE_INFOPLIST_FILE = YES;
				IPHONEOS_DEPLOYMENT_TARGET = 16.4;
				MARKETING_VERSION = 1.0;
				PRODUCT_BUNDLE_IDENTIFIER = com.dvoineu.UnsplashAppTaskTests;
				PRODUCT_NAME = "$(TARGET_NAME)";
				SWIFT_EMIT_LOC_STRINGS = NO;
				SWIFT_VERSION = 5.0;
				TARGETED_DEVICE_FAMILY = "1,2";
				TEST_HOST = "$(BUILT_PRODUCTS_DIR)/UnsplashAppTask.app/$(BUNDLE_EXECUTABLE_FOLDER_PATH)/UnsplashAppTask";
			};
			name = Debug;
		};
		40F3E6AB2ADC527100E7C9B8 /* Release */ = {
			isa = XCBuildConfiguration;
			buildSettings = {
				BUNDLE_LOADER = "$(TEST_HOST)";
				CODE_SIGN_STYLE = Automatic;
				CURRENT_PROJECT_VERSION = 1;
				DEVELOPMENT_TEAM = 5W9K96U25G;
				GENERATE_INFOPLIST_FILE = YES;
				IPHONEOS_DEPLOYMENT_TARGET = 16.4;
				MARKETING_VERSION = 1.0;
				PRODUCT_BUNDLE_IDENTIFIER = com.dvoineu.UnsplashAppTaskTests;
				PRODUCT_NAME = "$(TARGET_NAME)";
				SWIFT_EMIT_LOC_STRINGS = NO;
				SWIFT_VERSION = 5.0;
				TARGETED_DEVICE_FAMILY = "1,2";
				TEST_HOST = "$(BUILT_PRODUCTS_DIR)/UnsplashAppTask.app/$(BUNDLE_EXECUTABLE_FOLDER_PATH)/UnsplashAppTask";
			};
			name = Release;
		};
		CE8BBB1D2AD7FEF2006FA944 /* Debug */ = {
			isa = XCBuildConfiguration;
			buildSettings = {
				ALWAYS_SEARCH_USER_PATHS = NO;
				CLANG_ANALYZER_LOCALIZABILITY_NONLOCALIZED = YES;
				CLANG_ANALYZER_NONNULL = YES;
				CLANG_ANALYZER_NUMBER_OBJECT_CONVERSION = YES_AGGRESSIVE;
				CLANG_CXX_LANGUAGE_STANDARD = "gnu++20";
				CLANG_ENABLE_MODULES = YES;
				CLANG_ENABLE_OBJC_ARC = YES;
				CLANG_ENABLE_OBJC_WEAK = YES;
				CLANG_WARN_BLOCK_CAPTURE_AUTORELEASING = YES;
				CLANG_WARN_BOOL_CONVERSION = YES;
				CLANG_WARN_COMMA = YES;
				CLANG_WARN_CONSTANT_CONVERSION = YES;
				CLANG_WARN_DEPRECATED_OBJC_IMPLEMENTATIONS = YES;
				CLANG_WARN_DIRECT_OBJC_ISA_USAGE = YES_ERROR;
				CLANG_WARN_DOCUMENTATION_COMMENTS = YES;
				CLANG_WARN_EMPTY_BODY = YES;
				CLANG_WARN_ENUM_CONVERSION = YES;
				CLANG_WARN_INFINITE_RECURSION = YES;
				CLANG_WARN_INT_CONVERSION = YES;
				CLANG_WARN_NON_LITERAL_NULL_CONVERSION = YES;
				CLANG_WARN_OBJC_IMPLICIT_RETAIN_SELF = YES;
				CLANG_WARN_OBJC_LITERAL_CONVERSION = YES;
				CLANG_WARN_OBJC_ROOT_CLASS = YES_ERROR;
				CLANG_WARN_QUOTED_INCLUDE_IN_FRAMEWORK_HEADER = YES;
				CLANG_WARN_RANGE_LOOP_ANALYSIS = YES;
				CLANG_WARN_STRICT_PROTOTYPES = YES;
				CLANG_WARN_SUSPICIOUS_MOVE = YES;
				CLANG_WARN_UNGUARDED_AVAILABILITY = YES_AGGRESSIVE;
				CLANG_WARN_UNREACHABLE_CODE = YES;
				CLANG_WARN__DUPLICATE_METHOD_MATCH = YES;
				COPY_PHASE_STRIP = NO;
				DEBUG_INFORMATION_FORMAT = dwarf;
				ENABLE_STRICT_OBJC_MSGSEND = YES;
				ENABLE_TESTABILITY = YES;
				GCC_C_LANGUAGE_STANDARD = gnu11;
				GCC_DYNAMIC_NO_PIC = NO;
				GCC_NO_COMMON_BLOCKS = YES;
				GCC_OPTIMIZATION_LEVEL = 0;
				GCC_PREPROCESSOR_DEFINITIONS = (
					"DEBUG=1",
					"$(inherited)",
				);
				GCC_WARN_64_TO_32_BIT_CONVERSION = YES;
				GCC_WARN_ABOUT_RETURN_TYPE = YES_ERROR;
				GCC_WARN_UNDECLARED_SELECTOR = YES;
				GCC_WARN_UNINITIALIZED_AUTOS = YES_AGGRESSIVE;
				GCC_WARN_UNUSED_FUNCTION = YES;
				GCC_WARN_UNUSED_VARIABLE = YES;
				IPHONEOS_DEPLOYMENT_TARGET = 13.0;
				MTL_ENABLE_DEBUG_INFO = INCLUDE_SOURCE;
				MTL_FAST_MATH = YES;
				ONLY_ACTIVE_ARCH = YES;
				SDKROOT = iphoneos;
				SWIFT_ACTIVE_COMPILATION_CONDITIONS = DEBUG;
				SWIFT_OPTIMIZATION_LEVEL = "-Onone";
			};
			name = Debug;
		};
		CE8BBB1E2AD7FEF2006FA944 /* Release */ = {
			isa = XCBuildConfiguration;
			buildSettings = {
				ALWAYS_SEARCH_USER_PATHS = NO;
				CLANG_ANALYZER_LOCALIZABILITY_NONLOCALIZED = YES;
				CLANG_ANALYZER_NONNULL = YES;
				CLANG_ANALYZER_NUMBER_OBJECT_CONVERSION = YES_AGGRESSIVE;
				CLANG_CXX_LANGUAGE_STANDARD = "gnu++20";
				CLANG_ENABLE_MODULES = YES;
				CLANG_ENABLE_OBJC_ARC = YES;
				CLANG_ENABLE_OBJC_WEAK = YES;
				CLANG_WARN_BLOCK_CAPTURE_AUTORELEASING = YES;
				CLANG_WARN_BOOL_CONVERSION = YES;
				CLANG_WARN_COMMA = YES;
				CLANG_WARN_CONSTANT_CONVERSION = YES;
				CLANG_WARN_DEPRECATED_OBJC_IMPLEMENTATIONS = YES;
				CLANG_WARN_DIRECT_OBJC_ISA_USAGE = YES_ERROR;
				CLANG_WARN_DOCUMENTATION_COMMENTS = YES;
				CLANG_WARN_EMPTY_BODY = YES;
				CLANG_WARN_ENUM_CONVERSION = YES;
				CLANG_WARN_INFINITE_RECURSION = YES;
				CLANG_WARN_INT_CONVERSION = YES;
				CLANG_WARN_NON_LITERAL_NULL_CONVERSION = YES;
				CLANG_WARN_OBJC_IMPLICIT_RETAIN_SELF = YES;
				CLANG_WARN_OBJC_LITERAL_CONVERSION = YES;
				CLANG_WARN_OBJC_ROOT_CLASS = YES_ERROR;
				CLANG_WARN_QUOTED_INCLUDE_IN_FRAMEWORK_HEADER = YES;
				CLANG_WARN_RANGE_LOOP_ANALYSIS = YES;
				CLANG_WARN_STRICT_PROTOTYPES = YES;
				CLANG_WARN_SUSPICIOUS_MOVE = YES;
				CLANG_WARN_UNGUARDED_AVAILABILITY = YES_AGGRESSIVE;
				CLANG_WARN_UNREACHABLE_CODE = YES;
				CLANG_WARN__DUPLICATE_METHOD_MATCH = YES;
				COPY_PHASE_STRIP = NO;
				DEBUG_INFORMATION_FORMAT = "dwarf-with-dsym";
				ENABLE_NS_ASSERTIONS = NO;
				ENABLE_STRICT_OBJC_MSGSEND = YES;
				GCC_C_LANGUAGE_STANDARD = gnu11;
				GCC_NO_COMMON_BLOCKS = YES;
				GCC_WARN_64_TO_32_BIT_CONVERSION = YES;
				GCC_WARN_ABOUT_RETURN_TYPE = YES_ERROR;
				GCC_WARN_UNDECLARED_SELECTOR = YES;
				GCC_WARN_UNINITIALIZED_AUTOS = YES_AGGRESSIVE;
				GCC_WARN_UNUSED_FUNCTION = YES;
				GCC_WARN_UNUSED_VARIABLE = YES;
				IPHONEOS_DEPLOYMENT_TARGET = 13.0;
				MTL_ENABLE_DEBUG_INFO = NO;
				MTL_FAST_MATH = YES;
				SDKROOT = iphoneos;
				SWIFT_COMPILATION_MODE = wholemodule;
				SWIFT_OPTIMIZATION_LEVEL = "-O";
				VALIDATE_PRODUCT = YES;
			};
			name = Release;
		};
		CE8BBB202AD7FEF2006FA944 /* Debug */ = {
			isa = XCBuildConfiguration;
			buildSettings = {
				ASSETCATALOG_COMPILER_APPICON_NAME = AppIcon;
				ASSETCATALOG_COMPILER_GLOBAL_ACCENT_COLOR_NAME = AccentColor;
				CODE_SIGN_STYLE = Automatic;
				CURRENT_PROJECT_VERSION = 1;
				DEVELOPMENT_TEAM = 5W9K96U25G;
				GENERATE_INFOPLIST_FILE = YES;
				INFOPLIST_FILE = UnsplashAppTask/Info.plist;
				INFOPLIST_KEY_UIApplicationSupportsIndirectInputEvents = YES;
				INFOPLIST_KEY_UILaunchStoryboardName = LaunchScreen;
				INFOPLIST_KEY_UISupportedInterfaceOrientations = UIInterfaceOrientationPortrait;
				INFOPLIST_KEY_UIUserInterfaceStyle = Light;
				IPHONEOS_DEPLOYMENT_TARGET = 13.0;
				LD_RUNPATH_SEARCH_PATHS = (
					"$(inherited)",
					"@executable_path/Frameworks",
				);
				MARKETING_VERSION = 1.0;
				PRODUCT_BUNDLE_IDENTIFIER = com.dvoineu.UnsplashAppTask;
				PRODUCT_NAME = "$(TARGET_NAME)";
				SUPPORTED_PLATFORMS = "iphoneos iphonesimulator";
				SUPPORTS_MACCATALYST = NO;
				SUPPORTS_MAC_DESIGNED_FOR_IPHONE_IPAD = NO;
				SWIFT_EMIT_LOC_STRINGS = YES;
				SWIFT_VERSION = 5.0;
				TARGETED_DEVICE_FAMILY = 1;
			};
			name = Debug;
		};
		CE8BBB212AD7FEF2006FA944 /* Release */ = {
			isa = XCBuildConfiguration;
			buildSettings = {
				ASSETCATALOG_COMPILER_APPICON_NAME = AppIcon;
				ASSETCATALOG_COMPILER_GLOBAL_ACCENT_COLOR_NAME = AccentColor;
				CODE_SIGN_STYLE = Automatic;
				CURRENT_PROJECT_VERSION = 1;
				DEVELOPMENT_TEAM = 5W9K96U25G;
				GENERATE_INFOPLIST_FILE = YES;
				INFOPLIST_FILE = UnsplashAppTask/Info.plist;
				INFOPLIST_KEY_UIApplicationSupportsIndirectInputEvents = YES;
				INFOPLIST_KEY_UILaunchStoryboardName = LaunchScreen;
				INFOPLIST_KEY_UISupportedInterfaceOrientations = UIInterfaceOrientationPortrait;
				INFOPLIST_KEY_UIUserInterfaceStyle = Light;
				IPHONEOS_DEPLOYMENT_TARGET = 13.0;
				LD_RUNPATH_SEARCH_PATHS = (
					"$(inherited)",
					"@executable_path/Frameworks",
				);
				MARKETING_VERSION = 1.0;
				PRODUCT_BUNDLE_IDENTIFIER = com.dvoineu.UnsplashAppTask;
				PRODUCT_NAME = "$(TARGET_NAME)";
				SUPPORTED_PLATFORMS = "iphoneos iphonesimulator";
				SUPPORTS_MACCATALYST = NO;
				SUPPORTS_MAC_DESIGNED_FOR_IPHONE_IPAD = NO;
				SWIFT_EMIT_LOC_STRINGS = YES;
				SWIFT_VERSION = 5.0;
				TARGETED_DEVICE_FAMILY = 1;
			};
			name = Release;
		};
/* End XCBuildConfiguration section */

/* Begin XCConfigurationList section */
		40F3E6A92ADC527100E7C9B8 /* Build configuration list for PBXNativeTarget "UnsplashAppTaskTests" */ = {
			isa = XCConfigurationList;
			buildConfigurations = (
				40F3E6AA2ADC527100E7C9B8 /* Debug */,
				40F3E6AB2ADC527100E7C9B8 /* Release */,
			);
			defaultConfigurationIsVisible = 0;
			defaultConfigurationName = Release;
		};
		CE8BBAF02AD7FEF0006FA944 /* Build configuration list for PBXProject "UnsplashAppTask" */ = {
			isa = XCConfigurationList;
			buildConfigurations = (
				CE8BBB1D2AD7FEF2006FA944 /* Debug */,
				CE8BBB1E2AD7FEF2006FA944 /* Release */,
			);
			defaultConfigurationIsVisible = 0;
			defaultConfigurationName = Release;
		};
		CE8BBB1F2AD7FEF2006FA944 /* Build configuration list for PBXNativeTarget "UnsplashAppTask" */ = {
			isa = XCConfigurationList;
			buildConfigurations = (
				CE8BBB202AD7FEF2006FA944 /* Debug */,
				CE8BBB212AD7FEF2006FA944 /* Release */,
			);
			defaultConfigurationIsVisible = 0;
			defaultConfigurationName = Release;
		};
/* End XCConfigurationList section */

/* Begin XCRemoteSwiftPackageReference section */
		40F3E6402AD8EE1500E7C9B8 /* XCRemoteSwiftPackageReference "SDWebImage" */ = {
			isa = XCRemoteSwiftPackageReference;
			repositoryURL = "https://github.com/SDWebImage/SDWebImage.git";
			requirement = {
				kind = upToNextMajorVersion;
				minimumVersion = 5.1.0;
			};
		};
		40F3E6D02ADC87A900E7C9B8 /* XCRemoteSwiftPackageReference "R.swift" */ = {
			isa = XCRemoteSwiftPackageReference;
			repositoryURL = "https://github.com/mac-cain13/R.swift.git";
			requirement = {
				kind = upToNextMajorVersion;
				minimumVersion = 7.0.0;
			};
		};
		40F9AF222ADCA7F000173CF0 /* XCRemoteSwiftPackageReference "SwiftMessages" */ = {
			isa = XCRemoteSwiftPackageReference;
			repositoryURL = "https://github.com/SwiftKickMobile/SwiftMessages.git";
			requirement = {
				kind = upToNextMajorVersion;
				minimumVersion = 9.0.0;
			};
		};
		CE857F062AD804280012B07C /* XCRemoteSwiftPackageReference "realm-swift" */ = {
			isa = XCRemoteSwiftPackageReference;
			repositoryURL = "https://github.com/realm/realm-swift.git";
			requirement = {
				kind = upToNextMajorVersion;
				minimumVersion = 10.43.0;
			};
		};
		CE857F282AD82FC40012B07C /* XCRemoteSwiftPackageReference "Alamofire" */ = {
			isa = XCRemoteSwiftPackageReference;
			repositoryURL = "https://github.com/Alamofire/Alamofire.git";
			requirement = {
				kind = upToNextMajorVersion;
				minimumVersion = 5.8.0;
			};
		};
/* End XCRemoteSwiftPackageReference section */

/* Begin XCSwiftPackageProductDependency section */
		40F3E6412AD8EE1500E7C9B8 /* SDWebImage */ = {
			isa = XCSwiftPackageProductDependency;
			package = 40F3E6402AD8EE1500E7C9B8 /* XCRemoteSwiftPackageReference "SDWebImage" */;
			productName = SDWebImage;
		};
		40F3E6BE2ADC566D00E7C9B8 /* Realm */ = {
			isa = XCSwiftPackageProductDependency;
			package = CE857F062AD804280012B07C /* XCRemoteSwiftPackageReference "realm-swift" */;
			productName = Realm;
		};
		40F3E6C02ADC566D00E7C9B8 /* RealmSwift */ = {
			isa = XCSwiftPackageProductDependency;
			package = CE857F062AD804280012B07C /* XCRemoteSwiftPackageReference "realm-swift" */;
			productName = RealmSwift;
		};
		40F3E6C22ADC566D00E7C9B8 /* SDWebImage */ = {
			isa = XCSwiftPackageProductDependency;
			package = 40F3E6402AD8EE1500E7C9B8 /* XCRemoteSwiftPackageReference "SDWebImage" */;
			productName = SDWebImage;
		};
		40F3E6D12ADC87A900E7C9B8 /* RswiftLibrary */ = {
			isa = XCSwiftPackageProductDependency;
			package = 40F3E6D02ADC87A900E7C9B8 /* XCRemoteSwiftPackageReference "R.swift" */;
			productName = RswiftLibrary;
		};
		40F3E6D32ADC87A900E7C9B8 /* rswift */ = {
			isa = XCSwiftPackageProductDependency;
			package = 40F3E6D02ADC87A900E7C9B8 /* XCRemoteSwiftPackageReference "R.swift" */;
			productName = rswift;
		};
		40F3E6D52ADC889A00E7C9B8 /* RswiftGenerateInternalResources */ = {
			isa = XCSwiftPackageProductDependency;
			productName = "plugin:RswiftGenerateInternalResources";
		};
		40F9AF232ADCA7F000173CF0 /* SwiftMessages */ = {
			isa = XCSwiftPackageProductDependency;
			package = 40F9AF222ADCA7F000173CF0 /* XCRemoteSwiftPackageReference "SwiftMessages" */;
			productName = SwiftMessages;
		};
		CE857F072AD804290012B07C /* Realm */ = {
			isa = XCSwiftPackageProductDependency;
			package = CE857F062AD804280012B07C /* XCRemoteSwiftPackageReference "realm-swift" */;
			productName = Realm;
		};
		CE857F092AD804290012B07C /* RealmSwift */ = {
			isa = XCSwiftPackageProductDependency;
			package = CE857F062AD804280012B07C /* XCRemoteSwiftPackageReference "realm-swift" */;
			productName = RealmSwift;
		};
		CE857F292AD82FC40012B07C /* Alamofire */ = {
			isa = XCSwiftPackageProductDependency;
			package = CE857F282AD82FC40012B07C /* XCRemoteSwiftPackageReference "Alamofire" */;
			productName = Alamofire;
		};
/* End XCSwiftPackageProductDependency section */
	};
	rootObject = CE8BBAED2AD7FEF0006FA944 /* Project object */;
}
